
Microsoft Visual Studio Solution File, Format Version 12.00
# Visual Studio 2012
Project("{2150E333-8FDC-42A3-9474-1A3956D46DE8}") = "Solution Items", "Solution Items", "{3E69A381-7933-4823-A16D-8BC643003E93}"
	ProjectSection(SolutionItems) = preProject
		..\dbus\Readme.txt = ..\dbus\Readme.txt
	EndProjectSection
EndProject
Project("{8BC9CEB8-8B4A-11D0-8D11-00A0C91BC942}") = "udbus_lib", "..\dbus\udbus_lib\udbus_lib.vcxproj", "{0597DB2D-9382-4C71-832F-69CD156516F4}"
EndProject
Project("{8BC9CEB8-8B4A-11D0-8D11-00A0C91BC942}") = "udbus_console", "..\dbus\udbus_console\udbus_console.vcxproj", "{CD14C3DC-3419-4D87-9B28-C7379A6BEF8F}"
	ProjectSection(ProjectDependencies) = postProject
		{0597DB2D-9382-4C71-832F-69CD156516F4} = {0597DB2D-9382-4C71-832F-69CD156516F4}
		{5733F458-A85D-4488-AF8A-DE8D862C1377} = {5733F458-A85D-4488-AF8A-DE8D862C1377}
		{6CCE027E-68B9-466A-B72E-92D309EC3B09} = {6CCE027E-68B9-466A-B72E-92D309EC3B09}
	EndProjectSection
EndProject
Project("{8BC9CEB8-8B4A-11D0-8D11-00A0C91BC942}") = "udbus_example", "..\dbus\udbus_example\udbus_example.vcxproj", "{0070A3AC-2519-43A0-BC67-A359D10C6F03}"
	ProjectSection(ProjectDependencies) = postProject
		{0597DB2D-9382-4C71-832F-69CD156516F4} = {0597DB2D-9382-4C71-832F-69CD156516F4}
		{5733F458-A85D-4488-AF8A-DE8D862C1377} = {5733F458-A85D-4488-AF8A-DE8D862C1377}
		{6CCE027E-68B9-466A-B72E-92D309EC3B09} = {6CCE027E-68B9-466A-B72E-92D309EC3B09}
	EndProjectSection
EndProject
Project("{8BC9CEB8-8B4A-11D0-8D11-00A0C91BC942}") = "udbus_smacker", "..\dbus\udbus_smacker\udbus_smacker.vcxproj", "{A8F63C35-8E42-42A5-97F9-3355C5A83A72}"
	ProjectSection(ProjectDependencies) = postProject
		{0597DB2D-9382-4C71-832F-69CD156516F4} = {0597DB2D-9382-4C71-832F-69CD156516F4}
		{5733F458-A85D-4488-AF8A-DE8D862C1377} = {5733F458-A85D-4488-AF8A-DE8D862C1377}
		{6CCE027E-68B9-466A-B72E-92D309EC3B09} = {6CCE027E-68B9-466A-B72E-92D309EC3B09}
	EndProjectSection
EndProject
Project("{FAE04EC0-301F-11D3-BF4B-00C04F79EFBC}") = "UdbusCSharpConsole", "..\dbus\UdbusCSharpConsole\UdbusCSharpConsole.csproj", "{390BBAB6-0C94-4372-8D72-F8C43627C729}"
	ProjectSection(ProjectDependencies) = postProject
		{0597DB2D-9382-4C71-832F-69CD156516F4} = {0597DB2D-9382-4C71-832F-69CD156516F4}
		{5733F458-A85D-4488-AF8A-DE8D862C1377} = {5733F458-A85D-4488-AF8A-DE8D862C1377}
		{6CCE027E-68B9-466A-B72E-92D309EC3B09} = {6CCE027E-68B9-466A-B72E-92D309EC3B09}
	EndProjectSection
EndProject
Project("{8BC9CEB8-8B4A-11D0-8D11-00A0C91BC942}") = "udbus_v4v_lib", "..\dbus\udbus_v4v\udbus_v4v_lib.vcxproj", "{6CCE027E-68B9-466A-B72E-92D309EC3B09}"
	ProjectSection(ProjectDependencies) = postProject
		{5733F458-A85D-4488-AF8A-DE8D862C1377} = {5733F458-A85D-4488-AF8A-DE8D862C1377}
	EndProjectSection
EndProject
Project("{8BC9CEB8-8B4A-11D0-8D11-00A0C91BC942}") = "v4vio", "..\dbus\v4vio\v4vio.vcxproj", "{5733F458-A85D-4488-AF8A-DE8D862C1377}"
EndProject
Project("{FAE04EC0-301F-11D3-BF4B-00C04F79EFBC}") = "Udbus.WCF", "..\dbus\Udbus.WCF\Udbus.WCF.csproj", "{D8543B20-0B24-465F-8306-F4EEA91FCE1A}"
EndProject
Project("{FAE04EC0-301F-11D3-BF4B-00C04F79EFBC}") = "Udbus.Containers", "..\dbus\Udbus.Containers\Udbus.Containers.csproj", "{6CA51CBA-CE08-4438-8B78-B968BCA3A02F}"
EndProject
Project("{FAE04EC0-301F-11D3-BF4B-00C04F79EFBC}") = "Udbus.WCF.Dbus", "..\dbus\Udbus.WCF.Dbus\Udbus.WCF.Dbus.csproj", "{45A02323-4764-4F4B-A9EA-B5395FE79559}"
EndProject
Project("{FAE04EC0-301F-11D3-BF4B-00C04F79EFBC}") = "Udbus.WCF.Service", "..\dbus\Udbus.WCF.Service\Udbus.WCF.Service.csproj", "{C42619C2-C4D7-4977-99DE-B83872E40AEB}"
EndProject
Project("{FAE04EC0-301F-11D3-BF4B-00C04F79EFBC}") = "Udbus.WCF.Dbus.Common", "..\dbus\Udbus.WCF.Dbus.Common\Udbus.WCF.Dbus.Common.csproj", "{4C459F10-BFC6-4678-9AA2-411B5A784D1A}"
EndProject
Project("{FAE04EC0-301F-11D3-BF4B-00C04F79EFBC}") = "Udbus.WCF.Dbus.Details", "..\dbus\Udbus.WCF.Dbus.Details\Udbus.WCF.Dbus.Details.csproj", "{7849004F-E262-4109-B41B-BE230A8D6463}"
EndProject
Project("{FAE04EC0-301F-11D3-BF4B-00C04F79EFBC}") = "Udbus.Utils", "..\dbus\Udbus.Utils\Udbus.Utils.csproj", "{DD9446EE-8A3D-4C5D-8B60-3B940ADB19F3}"
EndProject
Project("{FAE04EC0-301F-11D3-BF4B-00C04F79EFBC}") = "Udbus.Serialization", "..\dbus\Udbus.Serialization\Udbus.Serialization.csproj", "{7DDCAF88-8669-4C4A-BBD0-63A1E532B8EB}"
EndProject
Project("{FAE04EC0-301F-11D3-BF4B-00C04F79EFBC}") = "Udbus.v4v", "..\dbus\Udbus.v4v\Udbus.v4v.csproj", "{9F6C8BC3-1748-474A-A8E2-249B2A2F01FA}"
EndProject
Project("{FAE04EC0-301F-11D3-BF4B-00C04F79EFBC}") = "Udbus.Types", "..\dbus\Udbus.Types\Udbus.Types.csproj", "{2811C188-D05F-429A-AEDF-066FE3CF86AC}"
EndProject
Project("{FAE04EC0-301F-11D3-BF4B-00C04F79EFBC}") = "Udbus.Parsing", "..\dbus\Udbus.Parsing\Udbus.Parsing.csproj", "{B361F55A-097F-46AA-B9E1-3B24050FF79A}"
EndProject
Project("{FAE04EC0-301F-11D3-BF4B-00C04F79EFBC}") = "Udbus.Core", "..\dbus\Udbus.Core\Udbus.Core.csproj", "{4E7B3CA9-1252-4B1E-BC70-17B702EC1B37}"
EndProject
Project("{FAE04EC0-301F-11D3-BF4B-00C04F79EFBC}") = "dbusidltocode", "..\dbus\dbusidltocode\dbusidltocode.csproj", "{203AF65B-E299-4AA5-81A1-8E54C7761EB0}"
EndProject
Project("{FAE04EC0-301F-11D3-BF4B-00C04F79EFBC}") = "XenClientGuestService", "XenClientGuestService\XenClientGuestService.csproj", "{0191DF8B-56AC-4E0B-974F-D335E96A4FE6}"
	ProjectSection(ProjectDependencies) = postProject
		{0597DB2D-9382-4C71-832F-69CD156516F4} = {0597DB2D-9382-4C71-832F-69CD156516F4}
		{1946DC31-1D00-4316-8672-8148BA3FB33F} = {1946DC31-1D00-4316-8672-8148BA3FB33F}
		{5733F458-A85D-4488-AF8A-DE8D862C1377} = {5733F458-A85D-4488-AF8A-DE8D862C1377}
		{72526766-E80F-451F-B51F-E8662606FB9B} = {72526766-E80F-451F-B51F-E8662606FB9B}
		{6CCE027E-68B9-466A-B72E-92D309EC3B09} = {6CCE027E-68B9-466A-B72E-92D309EC3B09}
		{7D82138D-A32C-47C8-8219-7C8D59F0924B} = {7D82138D-A32C-47C8-8219-7C8D59F0924B}
	EndProjectSection
EndProject
Project("{2150E333-8FDC-42A3-9474-1A3956D46DE8}") = "Bindings", "Bindings", "{491270A6-FDF2-4555-A9E6-DFB196191EBE}"
EndProject
Project("{FAE04EC0-301F-11D3-BF4B-00C04F79EFBC}") = "XenClientGuest.Bindings.Client", "Bindings\XenClientGuest.Bindings.Client\XenClientGuest.Bindings.Client.csproj", "{1946DC31-1D00-4316-8672-8148BA3FB33F}"
	ProjectSection(ProjectDependencies) = postProject
		{B129F2C3-6318-41BC-B430-C3B201DC32CC} = {B129F2C3-6318-41BC-B430-C3B201DC32CC}
	EndProjectSection
EndProject
Project("{FAE04EC0-301F-11D3-BF4B-00C04F79EFBC}") = "XenClientGuest.GenerateDbusBindings", "Bindings\XenClientGuest.GenerateDbusBindings\XenClientGuest.GenerateDbusBindings.csproj", "{B129F2C3-6318-41BC-B430-C3B201DC32CC}"
	ProjectSection(ProjectDependencies) = postProject
		{203AF65B-E299-4AA5-81A1-8E54C7761EB0} = {203AF65B-E299-4AA5-81A1-8E54C7761EB0}
	EndProjectSection
EndProject
Project("{FAE04EC0-301F-11D3-BF4B-00C04F79EFBC}") = "XenClientGuest.Bindings.Interface", "Bindings\XenClientGuest.Bindings.Interface\XenClientGuest.Bindings.Interface.csproj", "{72526766-E80F-451F-B51F-E8662606FB9B}"
	ProjectSection(ProjectDependencies) = postProject
		{B129F2C3-6318-41BC-B430-C3B201DC32CC} = {B129F2C3-6318-41BC-B430-C3B201DC32CC}
	EndProjectSection
EndProject
Project("{FAE04EC0-301F-11D3-BF4B-00C04F79EFBC}") = "XenClientGuest.Bindings.Service", "Bindings\XenClientGuest.Bindings.Service\XenClientGuest.Bindings.Service.csproj", "{7D82138D-A32C-47C8-8219-7C8D59F0924B}"
	ProjectSection(ProjectDependencies) = postProject
		{B129F2C3-6318-41BC-B430-C3B201DC32CC} = {B129F2C3-6318-41BC-B430-C3B201DC32CC}
	EndProjectSection
EndProject
Project("{2150E333-8FDC-42A3-9474-1A3956D46DE8}") = "Udbus", "Udbus", "{B007DBE0-234A-462F-9502-257129F8AE06}"
EndProject
Project("{2150E333-8FDC-42A3-9474-1A3956D46DE8}") = "Tests", "Tests", "{8A1627F6-5871-4A8D-A02A-3AB30A0D580E}"
EndProject
Project("{FAE04EC0-301F-11D3-BF4B-00C04F79EFBC}") = "XenClientGuestClientConsoleTest", "Tests\XenClientGuestClientConsoleTest\XenClientGuestClientConsoleTest.csproj", "{138CF669-0816-427C-8648-225837F35963}"
	ProjectSection(ProjectDependencies) = postProject
		{D8543B20-0B24-465F-8306-F4EEA91FCE1A} = {D8543B20-0B24-465F-8306-F4EEA91FCE1A}
		{45A02323-4764-4F4B-A9EA-B5395FE79559} = {45A02323-4764-4F4B-A9EA-B5395FE79559}
		{1946DC31-1D00-4316-8672-8148BA3FB33F} = {1946DC31-1D00-4316-8672-8148BA3FB33F}
		{72526766-E80F-451F-B51F-E8662606FB9B} = {72526766-E80F-451F-B51F-E8662606FB9B}
		{2811C188-D05F-429A-AEDF-066FE3CF86AC} = {2811C188-D05F-429A-AEDF-066FE3CF86AC}
		{6CA51CBA-CE08-4438-8B78-B968BCA3A02F} = {6CA51CBA-CE08-4438-8B78-B968BCA3A02F}
	EndProjectSection
EndProject
Project("{FAE04EC0-301F-11D3-BF4B-00C04F79EFBC}") = "XenClientGuestService.Client", "XenClientGuestService.Client\XenClientGuestService.Client.csproj", "{E5186568-EF99-40E1-BF89-215D58E4E0A6}"
EndProject
Global
	GlobalSection(SolutionConfigurationPlatforms) = preSolution
		Debug|Any CPU = Debug|Any CPU
		Debug|Mixed Platforms = Debug|Mixed Platforms
		Debug|Win32 = Debug|Win32
		Debug|x86 = Debug|x86
		DebugDLL|Any CPU = DebugDLL|Any CPU
		DebugDLL|Mixed Platforms = DebugDLL|Mixed Platforms
		DebugDLL|Win32 = DebugDLL|Win32
		DebugDLL|x86 = DebugDLL|x86
		DebugStaticLib|Any CPU = DebugStaticLib|Any CPU
		DebugStaticLib|Mixed Platforms = DebugStaticLib|Mixed Platforms
		DebugStaticLib|Win32 = DebugStaticLib|Win32
		DebugStaticLib|x86 = DebugStaticLib|x86
		Release|Any CPU = Release|Any CPU
		Release|Mixed Platforms = Release|Mixed Platforms
		Release|Win32 = Release|Win32
		Release|x86 = Release|x86
		ReleaseDLL|Any CPU = ReleaseDLL|Any CPU
		ReleaseDLL|Mixed Platforms = ReleaseDLL|Mixed Platforms
		ReleaseDLL|Win32 = ReleaseDLL|Win32
		ReleaseDLL|x86 = ReleaseDLL|x86
		ReleaseStaticLib|Any CPU = ReleaseStaticLib|Any CPU
		ReleaseStaticLib|Mixed Platforms = ReleaseStaticLib|Mixed Platforms
		ReleaseStaticLib|Win32 = ReleaseStaticLib|Win32
		ReleaseStaticLib|x86 = ReleaseStaticLib|x86
	EndGlobalSection
	GlobalSection(ProjectConfigurationPlatforms) = postSolution
		{0597DB2D-9382-4C71-832F-69CD156516F4}.Debug|Any CPU.ActiveCfg = DebugStaticLib|Win32
		{0597DB2D-9382-4C71-832F-69CD156516F4}.Debug|Mixed Platforms.ActiveCfg = DebugDLL|Win32
		{0597DB2D-9382-4C71-832F-69CD156516F4}.Debug|Mixed Platforms.Build.0 = DebugDLL|Win32
		{0597DB2D-9382-4C71-832F-69CD156516F4}.Debug|Win32.ActiveCfg = DebugStaticLib|Win32
		{0597DB2D-9382-4C71-832F-69CD156516F4}.Debug|Win32.Build.0 = DebugStaticLib|Win32
		{0597DB2D-9382-4C71-832F-69CD156516F4}.Debug|x86.ActiveCfg = DebugStaticLib|Win32
		{0597DB2D-9382-4C71-832F-69CD156516F4}.DebugDLL|Any CPU.ActiveCfg = DebugDLL|Win32
		{0597DB2D-9382-4C71-832F-69CD156516F4}.DebugDLL|Mixed Platforms.ActiveCfg = DebugDLL|Win32
		{0597DB2D-9382-4C71-832F-69CD156516F4}.DebugDLL|Mixed Platforms.Build.0 = DebugDLL|Win32
		{0597DB2D-9382-4C71-832F-69CD156516F4}.DebugDLL|Win32.ActiveCfg = DebugDLL|Win32
		{0597DB2D-9382-4C71-832F-69CD156516F4}.DebugDLL|Win32.Build.0 = DebugDLL|Win32
		{0597DB2D-9382-4C71-832F-69CD156516F4}.DebugDLL|x86.ActiveCfg = DebugDLL|Win32
		{0597DB2D-9382-4C71-832F-69CD156516F4}.DebugStaticLib|Any CPU.ActiveCfg = DebugStaticLib|Win32
		{0597DB2D-9382-4C71-832F-69CD156516F4}.DebugStaticLib|Mixed Platforms.ActiveCfg = DebugStaticLib|Win32
		{0597DB2D-9382-4C71-832F-69CD156516F4}.DebugStaticLib|Mixed Platforms.Build.0 = DebugStaticLib|Win32
		{0597DB2D-9382-4C71-832F-69CD156516F4}.DebugStaticLib|Win32.ActiveCfg = DebugStaticLib|Win32
		{0597DB2D-9382-4C71-832F-69CD156516F4}.DebugStaticLib|Win32.Build.0 = DebugStaticLib|Win32
		{0597DB2D-9382-4C71-832F-69CD156516F4}.DebugStaticLib|x86.ActiveCfg = DebugStaticLib|Win32
		{0597DB2D-9382-4C71-832F-69CD156516F4}.Release|Any CPU.ActiveCfg = ReleaseStaticLib|Win32
		{0597DB2D-9382-4C71-832F-69CD156516F4}.Release|Mixed Platforms.ActiveCfg = ReleaseDLL|Win32
		{0597DB2D-9382-4C71-832F-69CD156516F4}.Release|Mixed Platforms.Build.0 = ReleaseDLL|Win32
		{0597DB2D-9382-4C71-832F-69CD156516F4}.Release|Win32.ActiveCfg = ReleaseStaticLib|Win32
		{0597DB2D-9382-4C71-832F-69CD156516F4}.Release|Win32.Build.0 = ReleaseStaticLib|Win32
		{0597DB2D-9382-4C71-832F-69CD156516F4}.Release|x86.ActiveCfg = ReleaseStaticLib|Win32
		{0597DB2D-9382-4C71-832F-69CD156516F4}.ReleaseDLL|Any CPU.ActiveCfg = ReleaseDLL|Win32
		{0597DB2D-9382-4C71-832F-69CD156516F4}.ReleaseDLL|Mixed Platforms.ActiveCfg = ReleaseDLL|Win32
		{0597DB2D-9382-4C71-832F-69CD156516F4}.ReleaseDLL|Mixed Platforms.Build.0 = ReleaseDLL|Win32
		{0597DB2D-9382-4C71-832F-69CD156516F4}.ReleaseDLL|Win32.ActiveCfg = ReleaseDLL|Win32
		{0597DB2D-9382-4C71-832F-69CD156516F4}.ReleaseDLL|Win32.Build.0 = ReleaseDLL|Win32
		{0597DB2D-9382-4C71-832F-69CD156516F4}.ReleaseDLL|x86.ActiveCfg = ReleaseDLL|Win32
		{0597DB2D-9382-4C71-832F-69CD156516F4}.ReleaseStaticLib|Any CPU.ActiveCfg = ReleaseStaticLib|Win32
		{0597DB2D-9382-4C71-832F-69CD156516F4}.ReleaseStaticLib|Mixed Platforms.ActiveCfg = ReleaseStaticLib|Win32
		{0597DB2D-9382-4C71-832F-69CD156516F4}.ReleaseStaticLib|Mixed Platforms.Build.0 = ReleaseStaticLib|Win32
		{0597DB2D-9382-4C71-832F-69CD156516F4}.ReleaseStaticLib|Win32.ActiveCfg = ReleaseStaticLib|Win32
		{0597DB2D-9382-4C71-832F-69CD156516F4}.ReleaseStaticLib|Win32.Build.0 = ReleaseStaticLib|Win32
		{0597DB2D-9382-4C71-832F-69CD156516F4}.ReleaseStaticLib|x86.ActiveCfg = ReleaseStaticLib|Win32
		{CD14C3DC-3419-4D87-9B28-C7379A6BEF8F}.Debug|Any CPU.ActiveCfg = DebugStaticLib|Win32
		{CD14C3DC-3419-4D87-9B28-C7379A6BEF8F}.Debug|Mixed Platforms.ActiveCfg = DebugDLL|Win32
		{CD14C3DC-3419-4D87-9B28-C7379A6BEF8F}.Debug|Mixed Platforms.Build.0 = DebugDLL|Win32
		{CD14C3DC-3419-4D87-9B28-C7379A6BEF8F}.Debug|Win32.ActiveCfg = DebugStaticLib|Win32
		{CD14C3DC-3419-4D87-9B28-C7379A6BEF8F}.Debug|Win32.Build.0 = DebugStaticLib|Win32
		{CD14C3DC-3419-4D87-9B28-C7379A6BEF8F}.Debug|x86.ActiveCfg = DebugStaticLib|Win32
		{CD14C3DC-3419-4D87-9B28-C7379A6BEF8F}.DebugDLL|Any CPU.ActiveCfg = DebugDLL|Win32
		{CD14C3DC-3419-4D87-9B28-C7379A6BEF8F}.DebugDLL|Mixed Platforms.ActiveCfg = DebugDLL|Win32
		{CD14C3DC-3419-4D87-9B28-C7379A6BEF8F}.DebugDLL|Mixed Platforms.Build.0 = DebugDLL|Win32
		{CD14C3DC-3419-4D87-9B28-C7379A6BEF8F}.DebugDLL|Win32.ActiveCfg = DebugDLL|Win32
		{CD14C3DC-3419-4D87-9B28-C7379A6BEF8F}.DebugDLL|Win32.Build.0 = DebugDLL|Win32
		{CD14C3DC-3419-4D87-9B28-C7379A6BEF8F}.DebugDLL|x86.ActiveCfg = DebugDLL|Win32
		{CD14C3DC-3419-4D87-9B28-C7379A6BEF8F}.DebugStaticLib|Any CPU.ActiveCfg = DebugStaticLib|Win32
		{CD14C3DC-3419-4D87-9B28-C7379A6BEF8F}.DebugStaticLib|Mixed Platforms.ActiveCfg = DebugStaticLib|Win32
		{CD14C3DC-3419-4D87-9B28-C7379A6BEF8F}.DebugStaticLib|Mixed Platforms.Build.0 = DebugStaticLib|Win32
		{CD14C3DC-3419-4D87-9B28-C7379A6BEF8F}.DebugStaticLib|Win32.ActiveCfg = DebugStaticLib|Win32
		{CD14C3DC-3419-4D87-9B28-C7379A6BEF8F}.DebugStaticLib|Win32.Build.0 = DebugStaticLib|Win32
		{CD14C3DC-3419-4D87-9B28-C7379A6BEF8F}.DebugStaticLib|x86.ActiveCfg = DebugStaticLib|Win32
		{CD14C3DC-3419-4D87-9B28-C7379A6BEF8F}.Release|Any CPU.ActiveCfg = ReleaseStaticLib|Win32
		{CD14C3DC-3419-4D87-9B28-C7379A6BEF8F}.Release|Mixed Platforms.ActiveCfg = ReleaseDLL|Win32
		{CD14C3DC-3419-4D87-9B28-C7379A6BEF8F}.Release|Mixed Platforms.Build.0 = ReleaseDLL|Win32
		{CD14C3DC-3419-4D87-9B28-C7379A6BEF8F}.Release|Win32.ActiveCfg = ReleaseStaticLib|Win32
		{CD14C3DC-3419-4D87-9B28-C7379A6BEF8F}.Release|Win32.Build.0 = ReleaseStaticLib|Win32
		{CD14C3DC-3419-4D87-9B28-C7379A6BEF8F}.Release|x86.ActiveCfg = ReleaseStaticLib|Win32
		{CD14C3DC-3419-4D87-9B28-C7379A6BEF8F}.ReleaseDLL|Any CPU.ActiveCfg = ReleaseDLL|Win32
		{CD14C3DC-3419-4D87-9B28-C7379A6BEF8F}.ReleaseDLL|Mixed Platforms.ActiveCfg = ReleaseDLL|Win32
		{CD14C3DC-3419-4D87-9B28-C7379A6BEF8F}.ReleaseDLL|Mixed Platforms.Build.0 = ReleaseDLL|Win32
		{CD14C3DC-3419-4D87-9B28-C7379A6BEF8F}.ReleaseDLL|Win32.ActiveCfg = ReleaseDLL|Win32
		{CD14C3DC-3419-4D87-9B28-C7379A6BEF8F}.ReleaseDLL|Win32.Build.0 = ReleaseDLL|Win32
		{CD14C3DC-3419-4D87-9B28-C7379A6BEF8F}.ReleaseDLL|x86.ActiveCfg = ReleaseDLL|Win32
		{CD14C3DC-3419-4D87-9B28-C7379A6BEF8F}.ReleaseStaticLib|Any CPU.ActiveCfg = ReleaseStaticLib|Win32
		{CD14C3DC-3419-4D87-9B28-C7379A6BEF8F}.ReleaseStaticLib|Mixed Platforms.ActiveCfg = ReleaseStaticLib|Win32
		{CD14C3DC-3419-4D87-9B28-C7379A6BEF8F}.ReleaseStaticLib|Mixed Platforms.Build.0 = ReleaseStaticLib|Win32
		{CD14C3DC-3419-4D87-9B28-C7379A6BEF8F}.ReleaseStaticLib|Win32.ActiveCfg = ReleaseStaticLib|Win32
		{CD14C3DC-3419-4D87-9B28-C7379A6BEF8F}.ReleaseStaticLib|Win32.Build.0 = ReleaseStaticLib|Win32
		{CD14C3DC-3419-4D87-9B28-C7379A6BEF8F}.ReleaseStaticLib|x86.ActiveCfg = ReleaseStaticLib|Win32
		{0070A3AC-2519-43A0-BC67-A359D10C6F03}.Debug|Any CPU.ActiveCfg = DebugStaticLib|Win32
		{0070A3AC-2519-43A0-BC67-A359D10C6F03}.Debug|Mixed Platforms.ActiveCfg = DebugDLL|Win32
		{0070A3AC-2519-43A0-BC67-A359D10C6F03}.Debug|Mixed Platforms.Build.0 = DebugDLL|Win32
		{0070A3AC-2519-43A0-BC67-A359D10C6F03}.Debug|Win32.ActiveCfg = DebugStaticLib|Win32
		{0070A3AC-2519-43A0-BC67-A359D10C6F03}.Debug|Win32.Build.0 = DebugStaticLib|Win32
		{0070A3AC-2519-43A0-BC67-A359D10C6F03}.Debug|x86.ActiveCfg = DebugStaticLib|Win32
		{0070A3AC-2519-43A0-BC67-A359D10C6F03}.DebugDLL|Any CPU.ActiveCfg = DebugDLL|Win32
		{0070A3AC-2519-43A0-BC67-A359D10C6F03}.DebugDLL|Mixed Platforms.ActiveCfg = DebugDLL|Win32
		{0070A3AC-2519-43A0-BC67-A359D10C6F03}.DebugDLL|Mixed Platforms.Build.0 = DebugDLL|Win32
		{0070A3AC-2519-43A0-BC67-A359D10C6F03}.DebugDLL|Win32.ActiveCfg = DebugDLL|Win32
		{0070A3AC-2519-43A0-BC67-A359D10C6F03}.DebugDLL|Win32.Build.0 = DebugDLL|Win32
		{0070A3AC-2519-43A0-BC67-A359D10C6F03}.DebugDLL|x86.ActiveCfg = DebugDLL|Win32
		{0070A3AC-2519-43A0-BC67-A359D10C6F03}.DebugStaticLib|Any CPU.ActiveCfg = DebugStaticLib|Win32
		{0070A3AC-2519-43A0-BC67-A359D10C6F03}.DebugStaticLib|Mixed Platforms.ActiveCfg = DebugStaticLib|Win32
		{0070A3AC-2519-43A0-BC67-A359D10C6F03}.DebugStaticLib|Mixed Platforms.Build.0 = DebugStaticLib|Win32
		{0070A3AC-2519-43A0-BC67-A359D10C6F03}.DebugStaticLib|Win32.ActiveCfg = DebugStaticLib|Win32
		{0070A3AC-2519-43A0-BC67-A359D10C6F03}.DebugStaticLib|Win32.Build.0 = DebugStaticLib|Win32
		{0070A3AC-2519-43A0-BC67-A359D10C6F03}.DebugStaticLib|x86.ActiveCfg = DebugStaticLib|Win32
		{0070A3AC-2519-43A0-BC67-A359D10C6F03}.Release|Any CPU.ActiveCfg = ReleaseStaticLib|Win32
		{0070A3AC-2519-43A0-BC67-A359D10C6F03}.Release|Mixed Platforms.ActiveCfg = ReleaseDLL|Win32
		{0070A3AC-2519-43A0-BC67-A359D10C6F03}.Release|Mixed Platforms.Build.0 = ReleaseDLL|Win32
		{0070A3AC-2519-43A0-BC67-A359D10C6F03}.Release|Win32.ActiveCfg = ReleaseStaticLib|Win32
		{0070A3AC-2519-43A0-BC67-A359D10C6F03}.Release|Win32.Build.0 = ReleaseStaticLib|Win32
		{0070A3AC-2519-43A0-BC67-A359D10C6F03}.Release|x86.ActiveCfg = ReleaseStaticLib|Win32
		{0070A3AC-2519-43A0-BC67-A359D10C6F03}.ReleaseDLL|Any CPU.ActiveCfg = ReleaseDLL|Win32
		{0070A3AC-2519-43A0-BC67-A359D10C6F03}.ReleaseDLL|Mixed Platforms.ActiveCfg = ReleaseDLL|Win32
		{0070A3AC-2519-43A0-BC67-A359D10C6F03}.ReleaseDLL|Mixed Platforms.Build.0 = ReleaseDLL|Win32
		{0070A3AC-2519-43A0-BC67-A359D10C6F03}.ReleaseDLL|Win32.ActiveCfg = ReleaseDLL|Win32
		{0070A3AC-2519-43A0-BC67-A359D10C6F03}.ReleaseDLL|Win32.Build.0 = ReleaseDLL|Win32
		{0070A3AC-2519-43A0-BC67-A359D10C6F03}.ReleaseDLL|x86.ActiveCfg = ReleaseDLL|Win32
		{0070A3AC-2519-43A0-BC67-A359D10C6F03}.ReleaseStaticLib|Any CPU.ActiveCfg = ReleaseStaticLib|Win32
		{0070A3AC-2519-43A0-BC67-A359D10C6F03}.ReleaseStaticLib|Mixed Platforms.ActiveCfg = ReleaseStaticLib|Win32
		{0070A3AC-2519-43A0-BC67-A359D10C6F03}.ReleaseStaticLib|Mixed Platforms.Build.0 = ReleaseStaticLib|Win32
		{0070A3AC-2519-43A0-BC67-A359D10C6F03}.ReleaseStaticLib|Win32.ActiveCfg = ReleaseStaticLib|Win32
		{0070A3AC-2519-43A0-BC67-A359D10C6F03}.ReleaseStaticLib|Win32.Build.0 = ReleaseStaticLib|Win32
		{0070A3AC-2519-43A0-BC67-A359D10C6F03}.ReleaseStaticLib|x86.ActiveCfg = ReleaseStaticLib|Win32
		{A8F63C35-8E42-42A5-97F9-3355C5A83A72}.Debug|Any CPU.ActiveCfg = DebugStaticLib|Win32
		{A8F63C35-8E42-42A5-97F9-3355C5A83A72}.Debug|Mixed Platforms.ActiveCfg = DebugDLL|Win32
		{A8F63C35-8E42-42A5-97F9-3355C5A83A72}.Debug|Mixed Platforms.Build.0 = DebugDLL|Win32
		{A8F63C35-8E42-42A5-97F9-3355C5A83A72}.Debug|Win32.ActiveCfg = DebugStaticLib|Win32
		{A8F63C35-8E42-42A5-97F9-3355C5A83A72}.Debug|Win32.Build.0 = DebugStaticLib|Win32
		{A8F63C35-8E42-42A5-97F9-3355C5A83A72}.Debug|x86.ActiveCfg = DebugStaticLib|Win32
		{A8F63C35-8E42-42A5-97F9-3355C5A83A72}.DebugDLL|Any CPU.ActiveCfg = DebugDLL|Win32
		{A8F63C35-8E42-42A5-97F9-3355C5A83A72}.DebugDLL|Mixed Platforms.ActiveCfg = DebugDLL|Win32
		{A8F63C35-8E42-42A5-97F9-3355C5A83A72}.DebugDLL|Mixed Platforms.Build.0 = DebugDLL|Win32
		{A8F63C35-8E42-42A5-97F9-3355C5A83A72}.DebugDLL|Win32.ActiveCfg = DebugDLL|Win32
		{A8F63C35-8E42-42A5-97F9-3355C5A83A72}.DebugDLL|Win32.Build.0 = DebugDLL|Win32
		{A8F63C35-8E42-42A5-97F9-3355C5A83A72}.DebugDLL|x86.ActiveCfg = DebugDLL|Win32
		{A8F63C35-8E42-42A5-97F9-3355C5A83A72}.DebugStaticLib|Any CPU.ActiveCfg = DebugStaticLib|Win32
		{A8F63C35-8E42-42A5-97F9-3355C5A83A72}.DebugStaticLib|Mixed Platforms.ActiveCfg = DebugStaticLib|Win32
		{A8F63C35-8E42-42A5-97F9-3355C5A83A72}.DebugStaticLib|Mixed Platforms.Build.0 = DebugStaticLib|Win32
		{A8F63C35-8E42-42A5-97F9-3355C5A83A72}.DebugStaticLib|Win32.ActiveCfg = DebugStaticLib|Win32
		{A8F63C35-8E42-42A5-97F9-3355C5A83A72}.DebugStaticLib|Win32.Build.0 = DebugStaticLib|Win32
		{A8F63C35-8E42-42A5-97F9-3355C5A83A72}.DebugStaticLib|x86.ActiveCfg = DebugStaticLib|Win32
		{A8F63C35-8E42-42A5-97F9-3355C5A83A72}.Release|Any CPU.ActiveCfg = ReleaseStaticLib|Win32
		{A8F63C35-8E42-42A5-97F9-3355C5A83A72}.Release|Mixed Platforms.ActiveCfg = ReleaseDLL|Win32
		{A8F63C35-8E42-42A5-97F9-3355C5A83A72}.Release|Mixed Platforms.Build.0 = ReleaseDLL|Win32
		{A8F63C35-8E42-42A5-97F9-3355C5A83A72}.Release|Win32.ActiveCfg = ReleaseStaticLib|Win32
		{A8F63C35-8E42-42A5-97F9-3355C5A83A72}.Release|Win32.Build.0 = ReleaseStaticLib|Win32
		{A8F63C35-8E42-42A5-97F9-3355C5A83A72}.Release|x86.ActiveCfg = ReleaseStaticLib|Win32
		{A8F63C35-8E42-42A5-97F9-3355C5A83A72}.ReleaseDLL|Any CPU.ActiveCfg = ReleaseDLL|Win32
		{A8F63C35-8E42-42A5-97F9-3355C5A83A72}.ReleaseDLL|Mixed Platforms.ActiveCfg = ReleaseDLL|Win32
		{A8F63C35-8E42-42A5-97F9-3355C5A83A72}.ReleaseDLL|Mixed Platforms.Build.0 = ReleaseDLL|Win32
		{A8F63C35-8E42-42A5-97F9-3355C5A83A72}.ReleaseDLL|Win32.ActiveCfg = ReleaseDLL|Win32
		{A8F63C35-8E42-42A5-97F9-3355C5A83A72}.ReleaseDLL|Win32.Build.0 = ReleaseDLL|Win32
		{A8F63C35-8E42-42A5-97F9-3355C5A83A72}.ReleaseDLL|x86.ActiveCfg = ReleaseDLL|Win32
		{A8F63C35-8E42-42A5-97F9-3355C5A83A72}.ReleaseStaticLib|Any CPU.ActiveCfg = ReleaseStaticLib|Win32
		{A8F63C35-8E42-42A5-97F9-3355C5A83A72}.ReleaseStaticLib|Mixed Platforms.ActiveCfg = ReleaseStaticLib|Win32
		{A8F63C35-8E42-42A5-97F9-3355C5A83A72}.ReleaseStaticLib|Mixed Platforms.Build.0 = ReleaseStaticLib|Win32
		{A8F63C35-8E42-42A5-97F9-3355C5A83A72}.ReleaseStaticLib|Win32.ActiveCfg = ReleaseStaticLib|Win32
		{A8F63C35-8E42-42A5-97F9-3355C5A83A72}.ReleaseStaticLib|Win32.Build.0 = ReleaseStaticLib|Win32
		{A8F63C35-8E42-42A5-97F9-3355C5A83A72}.ReleaseStaticLib|x86.ActiveCfg = ReleaseStaticLib|Win32
		{390BBAB6-0C94-4372-8D72-F8C43627C729}.Debug|Any CPU.ActiveCfg = Debug|x86
		{390BBAB6-0C94-4372-8D72-F8C43627C729}.Debug|Mixed Platforms.ActiveCfg = Debug|x86
		{390BBAB6-0C94-4372-8D72-F8C43627C729}.Debug|Mixed Platforms.Build.0 = Debug|x86
		{390BBAB6-0C94-4372-8D72-F8C43627C729}.Debug|Win32.ActiveCfg = Debug|x86
		{390BBAB6-0C94-4372-8D72-F8C43627C729}.Debug|x86.ActiveCfg = Debug|x86
		{390BBAB6-0C94-4372-8D72-F8C43627C729}.Debug|x86.Build.0 = Debug|x86
		{390BBAB6-0C94-4372-8D72-F8C43627C729}.DebugDLL|Any CPU.ActiveCfg = Debug|x86
		{390BBAB6-0C94-4372-8D72-F8C43627C729}.DebugDLL|Mixed Platforms.ActiveCfg = Debug|x86
		{390BBAB6-0C94-4372-8D72-F8C43627C729}.DebugDLL|Mixed Platforms.Build.0 = Debug|x86
		{390BBAB6-0C94-4372-8D72-F8C43627C729}.DebugDLL|Win32.ActiveCfg = Debug|x86
		{390BBAB6-0C94-4372-8D72-F8C43627C729}.DebugDLL|x86.ActiveCfg = Debug|x86
		{390BBAB6-0C94-4372-8D72-F8C43627C729}.DebugDLL|x86.Build.0 = Debug|x86
		{390BBAB6-0C94-4372-8D72-F8C43627C729}.DebugStaticLib|Any CPU.ActiveCfg = Debug|x86
		{390BBAB6-0C94-4372-8D72-F8C43627C729}.DebugStaticLib|Mixed Platforms.ActiveCfg = Debug|x86
		{390BBAB6-0C94-4372-8D72-F8C43627C729}.DebugStaticLib|Mixed Platforms.Build.0 = Debug|x86
		{390BBAB6-0C94-4372-8D72-F8C43627C729}.DebugStaticLib|Win32.ActiveCfg = Debug|x86
		{390BBAB6-0C94-4372-8D72-F8C43627C729}.DebugStaticLib|x86.ActiveCfg = Debug|x86
		{390BBAB6-0C94-4372-8D72-F8C43627C729}.DebugStaticLib|x86.Build.0 = Debug|x86
		{390BBAB6-0C94-4372-8D72-F8C43627C729}.Release|Any CPU.ActiveCfg = Release|x86
		{390BBAB6-0C94-4372-8D72-F8C43627C729}.Release|Mixed Platforms.ActiveCfg = Release|x86
		{390BBAB6-0C94-4372-8D72-F8C43627C729}.Release|Mixed Platforms.Build.0 = Release|x86
		{390BBAB6-0C94-4372-8D72-F8C43627C729}.Release|Win32.ActiveCfg = Release|x86
		{390BBAB6-0C94-4372-8D72-F8C43627C729}.Release|x86.ActiveCfg = Release|x86
		{390BBAB6-0C94-4372-8D72-F8C43627C729}.Release|x86.Build.0 = Release|x86
		{390BBAB6-0C94-4372-8D72-F8C43627C729}.ReleaseDLL|Any CPU.ActiveCfg = Release|x86
		{390BBAB6-0C94-4372-8D72-F8C43627C729}.ReleaseDLL|Mixed Platforms.ActiveCfg = Release|x86
		{390BBAB6-0C94-4372-8D72-F8C43627C729}.ReleaseDLL|Mixed Platforms.Build.0 = Release|x86
		{390BBAB6-0C94-4372-8D72-F8C43627C729}.ReleaseDLL|Win32.ActiveCfg = Release|x86
		{390BBAB6-0C94-4372-8D72-F8C43627C729}.ReleaseDLL|x86.ActiveCfg = Release|x86
		{390BBAB6-0C94-4372-8D72-F8C43627C729}.ReleaseDLL|x86.Build.0 = Release|x86
		{390BBAB6-0C94-4372-8D72-F8C43627C729}.ReleaseStaticLib|Any CPU.ActiveCfg = Release|x86
		{390BBAB6-0C94-4372-8D72-F8C43627C729}.ReleaseStaticLib|Mixed Platforms.ActiveCfg = Release|x86
		{390BBAB6-0C94-4372-8D72-F8C43627C729}.ReleaseStaticLib|Mixed Platforms.Build.0 = Release|x86
		{390BBAB6-0C94-4372-8D72-F8C43627C729}.ReleaseStaticLib|Win32.ActiveCfg = Release|x86
		{390BBAB6-0C94-4372-8D72-F8C43627C729}.ReleaseStaticLib|x86.ActiveCfg = Release|x86
		{390BBAB6-0C94-4372-8D72-F8C43627C729}.ReleaseStaticLib|x86.Build.0 = Release|x86
		{6CCE027E-68B9-466A-B72E-92D309EC3B09}.Debug|Any CPU.ActiveCfg = DebugStaticLib|Win32
		{6CCE027E-68B9-466A-B72E-92D309EC3B09}.Debug|Mixed Platforms.ActiveCfg = DebugDLL|Win32
		{6CCE027E-68B9-466A-B72E-92D309EC3B09}.Debug|Mixed Platforms.Build.0 = DebugDLL|Win32
		{6CCE027E-68B9-466A-B72E-92D309EC3B09}.Debug|Win32.ActiveCfg = DebugStaticLib|Win32
		{6CCE027E-68B9-466A-B72E-92D309EC3B09}.Debug|Win32.Build.0 = DebugStaticLib|Win32
		{6CCE027E-68B9-466A-B72E-92D309EC3B09}.Debug|x86.ActiveCfg = DebugStaticLib|Win32
		{6CCE027E-68B9-466A-B72E-92D309EC3B09}.DebugDLL|Any CPU.ActiveCfg = DebugDLL|Win32
		{6CCE027E-68B9-466A-B72E-92D309EC3B09}.DebugDLL|Mixed Platforms.ActiveCfg = DebugDLL|Win32
		{6CCE027E-68B9-466A-B72E-92D309EC3B09}.DebugDLL|Mixed Platforms.Build.0 = DebugDLL|Win32
		{6CCE027E-68B9-466A-B72E-92D309EC3B09}.DebugDLL|Win32.ActiveCfg = DebugDLL|Win32
		{6CCE027E-68B9-466A-B72E-92D309EC3B09}.DebugDLL|Win32.Build.0 = DebugDLL|Win32
		{6CCE027E-68B9-466A-B72E-92D309EC3B09}.DebugDLL|x86.ActiveCfg = DebugDLL|Win32
		{6CCE027E-68B9-466A-B72E-92D309EC3B09}.DebugStaticLib|Any CPU.ActiveCfg = DebugStaticLib|Win32
		{6CCE027E-68B9-466A-B72E-92D309EC3B09}.DebugStaticLib|Mixed Platforms.ActiveCfg = DebugStaticLib|Win32
		{6CCE027E-68B9-466A-B72E-92D309EC3B09}.DebugStaticLib|Mixed Platforms.Build.0 = DebugStaticLib|Win32
		{6CCE027E-68B9-466A-B72E-92D309EC3B09}.DebugStaticLib|Win32.ActiveCfg = DebugStaticLib|Win32
		{6CCE027E-68B9-466A-B72E-92D309EC3B09}.DebugStaticLib|Win32.Build.0 = DebugStaticLib|Win32
		{6CCE027E-68B9-466A-B72E-92D309EC3B09}.DebugStaticLib|x86.ActiveCfg = DebugStaticLib|Win32
		{6CCE027E-68B9-466A-B72E-92D309EC3B09}.Release|Any CPU.ActiveCfg = ReleaseStaticLib|Win32
		{6CCE027E-68B9-466A-B72E-92D309EC3B09}.Release|Mixed Platforms.ActiveCfg = ReleaseDLL|Win32
		{6CCE027E-68B9-466A-B72E-92D309EC3B09}.Release|Mixed Platforms.Build.0 = ReleaseDLL|Win32
		{6CCE027E-68B9-466A-B72E-92D309EC3B09}.Release|Win32.ActiveCfg = ReleaseStaticLib|Win32
		{6CCE027E-68B9-466A-B72E-92D309EC3B09}.Release|Win32.Build.0 = ReleaseStaticLib|Win32
		{6CCE027E-68B9-466A-B72E-92D309EC3B09}.Release|x86.ActiveCfg = ReleaseStaticLib|Win32
		{6CCE027E-68B9-466A-B72E-92D309EC3B09}.ReleaseDLL|Any CPU.ActiveCfg = ReleaseDLL|Win32
		{6CCE027E-68B9-466A-B72E-92D309EC3B09}.ReleaseDLL|Mixed Platforms.ActiveCfg = ReleaseDLL|Win32
		{6CCE027E-68B9-466A-B72E-92D309EC3B09}.ReleaseDLL|Mixed Platforms.Build.0 = ReleaseDLL|Win32
		{6CCE027E-68B9-466A-B72E-92D309EC3B09}.ReleaseDLL|Win32.ActiveCfg = ReleaseDLL|Win32
		{6CCE027E-68B9-466A-B72E-92D309EC3B09}.ReleaseDLL|Win32.Build.0 = ReleaseDLL|Win32
		{6CCE027E-68B9-466A-B72E-92D309EC3B09}.ReleaseDLL|x86.ActiveCfg = ReleaseDLL|Win32
		{6CCE027E-68B9-466A-B72E-92D309EC3B09}.ReleaseStaticLib|Any CPU.ActiveCfg = ReleaseStaticLib|Win32
		{6CCE027E-68B9-466A-B72E-92D309EC3B09}.ReleaseStaticLib|Mixed Platforms.ActiveCfg = ReleaseStaticLib|Win32
		{6CCE027E-68B9-466A-B72E-92D309EC3B09}.ReleaseStaticLib|Mixed Platforms.Build.0 = ReleaseStaticLib|Win32
		{6CCE027E-68B9-466A-B72E-92D309EC3B09}.ReleaseStaticLib|Win32.ActiveCfg = ReleaseStaticLib|Win32
		{6CCE027E-68B9-466A-B72E-92D309EC3B09}.ReleaseStaticLib|Win32.Build.0 = ReleaseStaticLib|Win32
		{6CCE027E-68B9-466A-B72E-92D309EC3B09}.ReleaseStaticLib|x86.ActiveCfg = ReleaseStaticLib|Win32
		{5733F458-A85D-4488-AF8A-DE8D862C1377}.Debug|Any CPU.ActiveCfg = DebugDLL|Win32
		{5733F458-A85D-4488-AF8A-DE8D862C1377}.Debug|Mixed Platforms.ActiveCfg = DebugDLL|Win32
		{5733F458-A85D-4488-AF8A-DE8D862C1377}.Debug|Mixed Platforms.Build.0 = DebugDLL|Win32
		{5733F458-A85D-4488-AF8A-DE8D862C1377}.Debug|Win32.ActiveCfg = DebugDLL|Win32
		{5733F458-A85D-4488-AF8A-DE8D862C1377}.Debug|Win32.Build.0 = DebugDLL|Win32
		{5733F458-A85D-4488-AF8A-DE8D862C1377}.Debug|x86.ActiveCfg = DebugDLL|Win32
		{5733F458-A85D-4488-AF8A-DE8D862C1377}.DebugDLL|Any CPU.ActiveCfg = DebugDLL|Win32
		{5733F458-A85D-4488-AF8A-DE8D862C1377}.DebugDLL|Mixed Platforms.ActiveCfg = DebugDLL|Win32
		{5733F458-A85D-4488-AF8A-DE8D862C1377}.DebugDLL|Mixed Platforms.Build.0 = DebugDLL|Win32
		{5733F458-A85D-4488-AF8A-DE8D862C1377}.DebugDLL|Win32.ActiveCfg = DebugDLL|Win32
		{5733F458-A85D-4488-AF8A-DE8D862C1377}.DebugDLL|Win32.Build.0 = DebugDLL|Win32
		{5733F458-A85D-4488-AF8A-DE8D862C1377}.DebugDLL|x86.ActiveCfg = DebugDLL|Win32
		{5733F458-A85D-4488-AF8A-DE8D862C1377}.DebugStaticLib|Any CPU.ActiveCfg = DebugStaticLib|Win32
		{5733F458-A85D-4488-AF8A-DE8D862C1377}.DebugStaticLib|Mixed Platforms.ActiveCfg = DebugStaticLib|Win32
		{5733F458-A85D-4488-AF8A-DE8D862C1377}.DebugStaticLib|Mixed Platforms.Build.0 = DebugStaticLib|Win32
		{5733F458-A85D-4488-AF8A-DE8D862C1377}.DebugStaticLib|Win32.ActiveCfg = DebugStaticLib|Win32
		{5733F458-A85D-4488-AF8A-DE8D862C1377}.DebugStaticLib|Win32.Build.0 = DebugStaticLib|Win32
		{5733F458-A85D-4488-AF8A-DE8D862C1377}.DebugStaticLib|x86.ActiveCfg = DebugStaticLib|Win32
		{5733F458-A85D-4488-AF8A-DE8D862C1377}.Release|Any CPU.ActiveCfg = ReleaseDLL|Win32
		{5733F458-A85D-4488-AF8A-DE8D862C1377}.Release|Mixed Platforms.ActiveCfg = ReleaseDLL|Win32
		{5733F458-A85D-4488-AF8A-DE8D862C1377}.Release|Mixed Platforms.Build.0 = ReleaseDLL|Win32
		{5733F458-A85D-4488-AF8A-DE8D862C1377}.Release|Win32.ActiveCfg = ReleaseDLL|Win32
		{5733F458-A85D-4488-AF8A-DE8D862C1377}.Release|Win32.Build.0 = ReleaseDLL|Win32
		{5733F458-A85D-4488-AF8A-DE8D862C1377}.Release|x86.ActiveCfg = ReleaseDLL|Win32
		{5733F458-A85D-4488-AF8A-DE8D862C1377}.ReleaseDLL|Any CPU.ActiveCfg = ReleaseDLL|Win32
		{5733F458-A85D-4488-AF8A-DE8D862C1377}.ReleaseDLL|Mixed Platforms.ActiveCfg = ReleaseDLL|Win32
		{5733F458-A85D-4488-AF8A-DE8D862C1377}.ReleaseDLL|Mixed Platforms.Build.0 = ReleaseDLL|Win32
		{5733F458-A85D-4488-AF8A-DE8D862C1377}.ReleaseDLL|Win32.ActiveCfg = ReleaseDLL|Win32
		{5733F458-A85D-4488-AF8A-DE8D862C1377}.ReleaseDLL|Win32.Build.0 = ReleaseDLL|Win32
		{5733F458-A85D-4488-AF8A-DE8D862C1377}.ReleaseDLL|x86.ActiveCfg = ReleaseDLL|Win32
		{5733F458-A85D-4488-AF8A-DE8D862C1377}.ReleaseStaticLib|Any CPU.ActiveCfg = ReleaseStaticLib|Win32
		{5733F458-A85D-4488-AF8A-DE8D862C1377}.ReleaseStaticLib|Mixed Platforms.ActiveCfg = ReleaseStaticLib|Win32
		{5733F458-A85D-4488-AF8A-DE8D862C1377}.ReleaseStaticLib|Mixed Platforms.Build.0 = ReleaseStaticLib|Win32
		{5733F458-A85D-4488-AF8A-DE8D862C1377}.ReleaseStaticLib|Win32.ActiveCfg = ReleaseStaticLib|Win32
		{5733F458-A85D-4488-AF8A-DE8D862C1377}.ReleaseStaticLib|Win32.Build.0 = ReleaseStaticLib|Win32
		{5733F458-A85D-4488-AF8A-DE8D862C1377}.ReleaseStaticLib|x86.ActiveCfg = ReleaseStaticLib|Win32
		{D8543B20-0B24-465F-8306-F4EEA91FCE1A}.Debug|Any CPU.ActiveCfg = Debug|Any CPU
		{D8543B20-0B24-465F-8306-F4EEA91FCE1A}.Debug|Any CPU.Build.0 = Debug|Any CPU
		{D8543B20-0B24-465F-8306-F4EEA91FCE1A}.Debug|Mixed Platforms.ActiveCfg = Debug|Any CPU
		{D8543B20-0B24-465F-8306-F4EEA91FCE1A}.Debug|Mixed Platforms.Build.0 = Debug|Any CPU
		{D8543B20-0B24-465F-8306-F4EEA91FCE1A}.Debug|Win32.ActiveCfg = Debug|Any CPU
		{D8543B20-0B24-465F-8306-F4EEA91FCE1A}.Debug|x86.ActiveCfg = Debug|Any CPU
		{D8543B20-0B24-465F-8306-F4EEA91FCE1A}.DebugDLL|Any CPU.ActiveCfg = Debug|Any CPU
		{D8543B20-0B24-465F-8306-F4EEA91FCE1A}.DebugDLL|Any CPU.Build.0 = Debug|Any CPU
		{D8543B20-0B24-465F-8306-F4EEA91FCE1A}.DebugDLL|Mixed Platforms.ActiveCfg = Debug|Any CPU
		{D8543B20-0B24-465F-8306-F4EEA91FCE1A}.DebugDLL|Mixed Platforms.Build.0 = Debug|Any CPU
		{D8543B20-0B24-465F-8306-F4EEA91FCE1A}.DebugDLL|Win32.ActiveCfg = Debug|Any CPU
		{D8543B20-0B24-465F-8306-F4EEA91FCE1A}.DebugDLL|x86.ActiveCfg = Debug|Any CPU
		{D8543B20-0B24-465F-8306-F4EEA91FCE1A}.DebugStaticLib|Any CPU.ActiveCfg = Debug|Any CPU
		{D8543B20-0B24-465F-8306-F4EEA91FCE1A}.DebugStaticLib|Any CPU.Build.0 = Debug|Any CPU
		{D8543B20-0B24-465F-8306-F4EEA91FCE1A}.DebugStaticLib|Mixed Platforms.ActiveCfg = Debug|Any CPU
		{D8543B20-0B24-465F-8306-F4EEA91FCE1A}.DebugStaticLib|Mixed Platforms.Build.0 = Debug|Any CPU
		{D8543B20-0B24-465F-8306-F4EEA91FCE1A}.DebugStaticLib|Win32.ActiveCfg = Debug|Any CPU
		{D8543B20-0B24-465F-8306-F4EEA91FCE1A}.DebugStaticLib|x86.ActiveCfg = Debug|Any CPU
		{D8543B20-0B24-465F-8306-F4EEA91FCE1A}.Release|Any CPU.ActiveCfg = Release|Any CPU
		{D8543B20-0B24-465F-8306-F4EEA91FCE1A}.Release|Any CPU.Build.0 = Release|Any CPU
		{D8543B20-0B24-465F-8306-F4EEA91FCE1A}.Release|Mixed Platforms.ActiveCfg = Release|Any CPU
		{D8543B20-0B24-465F-8306-F4EEA91FCE1A}.Release|Mixed Platforms.Build.0 = Release|Any CPU
		{D8543B20-0B24-465F-8306-F4EEA91FCE1A}.Release|Win32.ActiveCfg = Release|Any CPU
		{D8543B20-0B24-465F-8306-F4EEA91FCE1A}.Release|x86.ActiveCfg = Release|Any CPU
		{D8543B20-0B24-465F-8306-F4EEA91FCE1A}.ReleaseDLL|Any CPU.ActiveCfg = Release|Any CPU
		{D8543B20-0B24-465F-8306-F4EEA91FCE1A}.ReleaseDLL|Any CPU.Build.0 = Release|Any CPU
		{D8543B20-0B24-465F-8306-F4EEA91FCE1A}.ReleaseDLL|Mixed Platforms.ActiveCfg = Release|Any CPU
		{D8543B20-0B24-465F-8306-F4EEA91FCE1A}.ReleaseDLL|Mixed Platforms.Build.0 = Release|Any CPU
		{D8543B20-0B24-465F-8306-F4EEA91FCE1A}.ReleaseDLL|Win32.ActiveCfg = Release|Any CPU
		{D8543B20-0B24-465F-8306-F4EEA91FCE1A}.ReleaseDLL|x86.ActiveCfg = Release|Any CPU
		{D8543B20-0B24-465F-8306-F4EEA91FCE1A}.ReleaseStaticLib|Any CPU.ActiveCfg = Release|Any CPU
		{D8543B20-0B24-465F-8306-F4EEA91FCE1A}.ReleaseStaticLib|Any CPU.Build.0 = Release|Any CPU
		{D8543B20-0B24-465F-8306-F4EEA91FCE1A}.ReleaseStaticLib|Mixed Platforms.ActiveCfg = Release|Any CPU
		{D8543B20-0B24-465F-8306-F4EEA91FCE1A}.ReleaseStaticLib|Mixed Platforms.Build.0 = Release|Any CPU
		{D8543B20-0B24-465F-8306-F4EEA91FCE1A}.ReleaseStaticLib|Win32.ActiveCfg = Release|Any CPU
		{D8543B20-0B24-465F-8306-F4EEA91FCE1A}.ReleaseStaticLib|x86.ActiveCfg = Release|Any CPU
		{6CA51CBA-CE08-4438-8B78-B968BCA3A02F}.Debug|Any CPU.ActiveCfg = Debug|Any CPU
		{6CA51CBA-CE08-4438-8B78-B968BCA3A02F}.Debug|Any CPU.Build.0 = Debug|Any CPU
		{6CA51CBA-CE08-4438-8B78-B968BCA3A02F}.Debug|Mixed Platforms.ActiveCfg = Debug|Any CPU
		{6CA51CBA-CE08-4438-8B78-B968BCA3A02F}.Debug|Mixed Platforms.Build.0 = Debug|Any CPU
		{6CA51CBA-CE08-4438-8B78-B968BCA3A02F}.Debug|Win32.ActiveCfg = Debug|Any CPU
		{6CA51CBA-CE08-4438-8B78-B968BCA3A02F}.Debug|x86.ActiveCfg = Debug|Any CPU
		{6CA51CBA-CE08-4438-8B78-B968BCA3A02F}.DebugDLL|Any CPU.ActiveCfg = Debug|Any CPU
		{6CA51CBA-CE08-4438-8B78-B968BCA3A02F}.DebugDLL|Any CPU.Build.0 = Debug|Any CPU
		{6CA51CBA-CE08-4438-8B78-B968BCA3A02F}.DebugDLL|Mixed Platforms.ActiveCfg = Debug|Any CPU
		{6CA51CBA-CE08-4438-8B78-B968BCA3A02F}.DebugDLL|Mixed Platforms.Build.0 = Debug|Any CPU
		{6CA51CBA-CE08-4438-8B78-B968BCA3A02F}.DebugDLL|Win32.ActiveCfg = Debug|Any CPU
		{6CA51CBA-CE08-4438-8B78-B968BCA3A02F}.DebugDLL|x86.ActiveCfg = Debug|Any CPU
		{6CA51CBA-CE08-4438-8B78-B968BCA3A02F}.DebugStaticLib|Any CPU.ActiveCfg = Debug|Any CPU
		{6CA51CBA-CE08-4438-8B78-B968BCA3A02F}.DebugStaticLib|Any CPU.Build.0 = Debug|Any CPU
		{6CA51CBA-CE08-4438-8B78-B968BCA3A02F}.DebugStaticLib|Mixed Platforms.ActiveCfg = Debug|Any CPU
		{6CA51CBA-CE08-4438-8B78-B968BCA3A02F}.DebugStaticLib|Mixed Platforms.Build.0 = Debug|Any CPU
		{6CA51CBA-CE08-4438-8B78-B968BCA3A02F}.DebugStaticLib|Win32.ActiveCfg = Debug|Any CPU
		{6CA51CBA-CE08-4438-8B78-B968BCA3A02F}.DebugStaticLib|x86.ActiveCfg = Debug|Any CPU
		{6CA51CBA-CE08-4438-8B78-B968BCA3A02F}.Release|Any CPU.ActiveCfg = Release|Any CPU
		{6CA51CBA-CE08-4438-8B78-B968BCA3A02F}.Release|Any CPU.Build.0 = Release|Any CPU
		{6CA51CBA-CE08-4438-8B78-B968BCA3A02F}.Release|Mixed Platforms.ActiveCfg = Release|Any CPU
		{6CA51CBA-CE08-4438-8B78-B968BCA3A02F}.Release|Mixed Platforms.Build.0 = Release|Any CPU
		{6CA51CBA-CE08-4438-8B78-B968BCA3A02F}.Release|Win32.ActiveCfg = Release|Any CPU
		{6CA51CBA-CE08-4438-8B78-B968BCA3A02F}.Release|x86.ActiveCfg = Release|Any CPU
		{6CA51CBA-CE08-4438-8B78-B968BCA3A02F}.ReleaseDLL|Any CPU.ActiveCfg = Release|Any CPU
		{6CA51CBA-CE08-4438-8B78-B968BCA3A02F}.ReleaseDLL|Any CPU.Build.0 = Release|Any CPU
		{6CA51CBA-CE08-4438-8B78-B968BCA3A02F}.ReleaseDLL|Mixed Platforms.ActiveCfg = Release|Any CPU
		{6CA51CBA-CE08-4438-8B78-B968BCA3A02F}.ReleaseDLL|Mixed Platforms.Build.0 = Release|Any CPU
		{6CA51CBA-CE08-4438-8B78-B968BCA3A02F}.ReleaseDLL|Win32.ActiveCfg = Release|Any CPU
		{6CA51CBA-CE08-4438-8B78-B968BCA3A02F}.ReleaseDLL|x86.ActiveCfg = Release|Any CPU
		{6CA51CBA-CE08-4438-8B78-B968BCA3A02F}.ReleaseStaticLib|Any CPU.ActiveCfg = Release|Any CPU
		{6CA51CBA-CE08-4438-8B78-B968BCA3A02F}.ReleaseStaticLib|Any CPU.Build.0 = Release|Any CPU
		{6CA51CBA-CE08-4438-8B78-B968BCA3A02F}.ReleaseStaticLib|Mixed Platforms.ActiveCfg = Release|Any CPU
		{6CA51CBA-CE08-4438-8B78-B968BCA3A02F}.ReleaseStaticLib|Mixed Platforms.Build.0 = Release|Any CPU
		{6CA51CBA-CE08-4438-8B78-B968BCA3A02F}.ReleaseStaticLib|Win32.ActiveCfg = Release|Any CPU
		{6CA51CBA-CE08-4438-8B78-B968BCA3A02F}.ReleaseStaticLib|x86.ActiveCfg = Release|Any CPU
		{45A02323-4764-4F4B-A9EA-B5395FE79559}.Debug|Any CPU.ActiveCfg = Debug|Any CPU
		{45A02323-4764-4F4B-A9EA-B5395FE79559}.Debug|Any CPU.Build.0 = Debug|Any CPU
		{45A02323-4764-4F4B-A9EA-B5395FE79559}.Debug|Mixed Platforms.ActiveCfg = Debug|Any CPU
		{45A02323-4764-4F4B-A9EA-B5395FE79559}.Debug|Mixed Platforms.Build.0 = Debug|Any CPU
		{45A02323-4764-4F4B-A9EA-B5395FE79559}.Debug|Win32.ActiveCfg = Debug|Any CPU
		{45A02323-4764-4F4B-A9EA-B5395FE79559}.Debug|x86.ActiveCfg = Debug|Any CPU
		{45A02323-4764-4F4B-A9EA-B5395FE79559}.DebugDLL|Any CPU.ActiveCfg = Debug|Any CPU
		{45A02323-4764-4F4B-A9EA-B5395FE79559}.DebugDLL|Any CPU.Build.0 = Debug|Any CPU
		{45A02323-4764-4F4B-A9EA-B5395FE79559}.DebugDLL|Mixed Platforms.ActiveCfg = Debug|Any CPU
		{45A02323-4764-4F4B-A9EA-B5395FE79559}.DebugDLL|Mixed Platforms.Build.0 = Debug|Any CPU
		{45A02323-4764-4F4B-A9EA-B5395FE79559}.DebugDLL|Win32.ActiveCfg = Debug|Any CPU
		{45A02323-4764-4F4B-A9EA-B5395FE79559}.DebugDLL|x86.ActiveCfg = Debug|Any CPU
		{45A02323-4764-4F4B-A9EA-B5395FE79559}.DebugStaticLib|Any CPU.ActiveCfg = Debug|Any CPU
		{45A02323-4764-4F4B-A9EA-B5395FE79559}.DebugStaticLib|Any CPU.Build.0 = Debug|Any CPU
		{45A02323-4764-4F4B-A9EA-B5395FE79559}.DebugStaticLib|Mixed Platforms.ActiveCfg = Debug|Any CPU
		{45A02323-4764-4F4B-A9EA-B5395FE79559}.DebugStaticLib|Mixed Platforms.Build.0 = Debug|Any CPU
		{45A02323-4764-4F4B-A9EA-B5395FE79559}.DebugStaticLib|Win32.ActiveCfg = Debug|Any CPU
		{45A02323-4764-4F4B-A9EA-B5395FE79559}.DebugStaticLib|x86.ActiveCfg = Debug|Any CPU
		{45A02323-4764-4F4B-A9EA-B5395FE79559}.Release|Any CPU.ActiveCfg = Release|Any CPU
		{45A02323-4764-4F4B-A9EA-B5395FE79559}.Release|Any CPU.Build.0 = Release|Any CPU
		{45A02323-4764-4F4B-A9EA-B5395FE79559}.Release|Mixed Platforms.ActiveCfg = Release|Any CPU
		{45A02323-4764-4F4B-A9EA-B5395FE79559}.Release|Mixed Platforms.Build.0 = Release|Any CPU
		{45A02323-4764-4F4B-A9EA-B5395FE79559}.Release|Win32.ActiveCfg = Release|Any CPU
		{45A02323-4764-4F4B-A9EA-B5395FE79559}.Release|x86.ActiveCfg = Release|Any CPU
		{45A02323-4764-4F4B-A9EA-B5395FE79559}.ReleaseDLL|Any CPU.ActiveCfg = Release|Any CPU
		{45A02323-4764-4F4B-A9EA-B5395FE79559}.ReleaseDLL|Any CPU.Build.0 = Release|Any CPU
		{45A02323-4764-4F4B-A9EA-B5395FE79559}.ReleaseDLL|Mixed Platforms.ActiveCfg = Release|Any CPU
		{45A02323-4764-4F4B-A9EA-B5395FE79559}.ReleaseDLL|Mixed Platforms.Build.0 = Release|Any CPU
		{45A02323-4764-4F4B-A9EA-B5395FE79559}.ReleaseDLL|Win32.ActiveCfg = Release|Any CPU
		{45A02323-4764-4F4B-A9EA-B5395FE79559}.ReleaseDLL|x86.ActiveCfg = Release|Any CPU
		{45A02323-4764-4F4B-A9EA-B5395FE79559}.ReleaseStaticLib|Any CPU.ActiveCfg = Release|Any CPU
		{45A02323-4764-4F4B-A9EA-B5395FE79559}.ReleaseStaticLib|Any CPU.Build.0 = Release|Any CPU
		{45A02323-4764-4F4B-A9EA-B5395FE79559}.ReleaseStaticLib|Mixed Platforms.ActiveCfg = Release|Any CPU
		{45A02323-4764-4F4B-A9EA-B5395FE79559}.ReleaseStaticLib|Mixed Platforms.Build.0 = Release|Any CPU
		{45A02323-4764-4F4B-A9EA-B5395FE79559}.ReleaseStaticLib|Win32.ActiveCfg = Release|Any CPU
		{45A02323-4764-4F4B-A9EA-B5395FE79559}.ReleaseStaticLib|x86.ActiveCfg = Release|Any CPU
		{C42619C2-C4D7-4977-99DE-B83872E40AEB}.Debug|Any CPU.ActiveCfg = Debug|Any CPU
		{C42619C2-C4D7-4977-99DE-B83872E40AEB}.Debug|Any CPU.Build.0 = Debug|Any CPU
		{C42619C2-C4D7-4977-99DE-B83872E40AEB}.Debug|Mixed Platforms.ActiveCfg = Debug|Any CPU
		{C42619C2-C4D7-4977-99DE-B83872E40AEB}.Debug|Mixed Platforms.Build.0 = Debug|Any CPU
		{C42619C2-C4D7-4977-99DE-B83872E40AEB}.Debug|Win32.ActiveCfg = Debug|Any CPU
		{C42619C2-C4D7-4977-99DE-B83872E40AEB}.Debug|x86.ActiveCfg = Debug|Any CPU
		{C42619C2-C4D7-4977-99DE-B83872E40AEB}.DebugDLL|Any CPU.ActiveCfg = Debug|Any CPU
		{C42619C2-C4D7-4977-99DE-B83872E40AEB}.DebugDLL|Any CPU.Build.0 = Debug|Any CPU
		{C42619C2-C4D7-4977-99DE-B83872E40AEB}.DebugDLL|Mixed Platforms.ActiveCfg = Debug|Any CPU
		{C42619C2-C4D7-4977-99DE-B83872E40AEB}.DebugDLL|Mixed Platforms.Build.0 = Debug|Any CPU
		{C42619C2-C4D7-4977-99DE-B83872E40AEB}.DebugDLL|Win32.ActiveCfg = Debug|Any CPU
		{C42619C2-C4D7-4977-99DE-B83872E40AEB}.DebugDLL|x86.ActiveCfg = Debug|Any CPU
		{C42619C2-C4D7-4977-99DE-B83872E40AEB}.DebugStaticLib|Any CPU.ActiveCfg = Debug|Any CPU
		{C42619C2-C4D7-4977-99DE-B83872E40AEB}.DebugStaticLib|Any CPU.Build.0 = Debug|Any CPU
		{C42619C2-C4D7-4977-99DE-B83872E40AEB}.DebugStaticLib|Mixed Platforms.ActiveCfg = Debug|Any CPU
		{C42619C2-C4D7-4977-99DE-B83872E40AEB}.DebugStaticLib|Mixed Platforms.Build.0 = Debug|Any CPU
		{C42619C2-C4D7-4977-99DE-B83872E40AEB}.DebugStaticLib|Win32.ActiveCfg = Debug|Any CPU
		{C42619C2-C4D7-4977-99DE-B83872E40AEB}.DebugStaticLib|x86.ActiveCfg = Debug|Any CPU
		{C42619C2-C4D7-4977-99DE-B83872E40AEB}.Release|Any CPU.ActiveCfg = Release|Any CPU
		{C42619C2-C4D7-4977-99DE-B83872E40AEB}.Release|Any CPU.Build.0 = Release|Any CPU
		{C42619C2-C4D7-4977-99DE-B83872E40AEB}.Release|Mixed Platforms.ActiveCfg = Release|Any CPU
		{C42619C2-C4D7-4977-99DE-B83872E40AEB}.Release|Mixed Platforms.Build.0 = Release|Any CPU
		{C42619C2-C4D7-4977-99DE-B83872E40AEB}.Release|Win32.ActiveCfg = Release|Any CPU
		{C42619C2-C4D7-4977-99DE-B83872E40AEB}.Release|x86.ActiveCfg = Release|Any CPU
		{C42619C2-C4D7-4977-99DE-B83872E40AEB}.ReleaseDLL|Any CPU.ActiveCfg = Release|Any CPU
		{C42619C2-C4D7-4977-99DE-B83872E40AEB}.ReleaseDLL|Any CPU.Build.0 = Release|Any CPU
		{C42619C2-C4D7-4977-99DE-B83872E40AEB}.ReleaseDLL|Mixed Platforms.ActiveCfg = Release|Any CPU
		{C42619C2-C4D7-4977-99DE-B83872E40AEB}.ReleaseDLL|Mixed Platforms.Build.0 = Release|Any CPU
		{C42619C2-C4D7-4977-99DE-B83872E40AEB}.ReleaseDLL|Win32.ActiveCfg = Release|Any CPU
		{C42619C2-C4D7-4977-99DE-B83872E40AEB}.ReleaseDLL|x86.ActiveCfg = Release|Any CPU
		{C42619C2-C4D7-4977-99DE-B83872E40AEB}.ReleaseStaticLib|Any CPU.ActiveCfg = Release|Any CPU
		{C42619C2-C4D7-4977-99DE-B83872E40AEB}.ReleaseStaticLib|Any CPU.Build.0 = Release|Any CPU
		{C42619C2-C4D7-4977-99DE-B83872E40AEB}.ReleaseStaticLib|Mixed Platforms.ActiveCfg = Release|Any CPU
		{C42619C2-C4D7-4977-99DE-B83872E40AEB}.ReleaseStaticLib|Mixed Platforms.Build.0 = Release|Any CPU
		{C42619C2-C4D7-4977-99DE-B83872E40AEB}.ReleaseStaticLib|Win32.ActiveCfg = Release|Any CPU
		{C42619C2-C4D7-4977-99DE-B83872E40AEB}.ReleaseStaticLib|x86.ActiveCfg = Release|Any CPU
		{4C459F10-BFC6-4678-9AA2-411B5A784D1A}.Debug|Any CPU.ActiveCfg = Debug|Any CPU
		{4C459F10-BFC6-4678-9AA2-411B5A784D1A}.Debug|Any CPU.Build.0 = Debug|Any CPU
		{4C459F10-BFC6-4678-9AA2-411B5A784D1A}.Debug|Mixed Platforms.ActiveCfg = Debug|Any CPU
		{4C459F10-BFC6-4678-9AA2-411B5A784D1A}.Debug|Mixed Platforms.Build.0 = Debug|Any CPU
		{4C459F10-BFC6-4678-9AA2-411B5A784D1A}.Debug|Win32.ActiveCfg = Debug|Any CPU
		{4C459F10-BFC6-4678-9AA2-411B5A784D1A}.Debug|x86.ActiveCfg = Debug|Any CPU
		{4C459F10-BFC6-4678-9AA2-411B5A784D1A}.DebugDLL|Any CPU.ActiveCfg = Debug|Any CPU
		{4C459F10-BFC6-4678-9AA2-411B5A784D1A}.DebugDLL|Any CPU.Build.0 = Debug|Any CPU
		{4C459F10-BFC6-4678-9AA2-411B5A784D1A}.DebugDLL|Mixed Platforms.ActiveCfg = Debug|Any CPU
		{4C459F10-BFC6-4678-9AA2-411B5A784D1A}.DebugDLL|Mixed Platforms.Build.0 = Debug|Any CPU
		{4C459F10-BFC6-4678-9AA2-411B5A784D1A}.DebugDLL|Win32.ActiveCfg = Debug|Any CPU
		{4C459F10-BFC6-4678-9AA2-411B5A784D1A}.DebugDLL|x86.ActiveCfg = Debug|Any CPU
		{4C459F10-BFC6-4678-9AA2-411B5A784D1A}.DebugStaticLib|Any CPU.ActiveCfg = Debug|Any CPU
		{4C459F10-BFC6-4678-9AA2-411B5A784D1A}.DebugStaticLib|Any CPU.Build.0 = Debug|Any CPU
		{4C459F10-BFC6-4678-9AA2-411B5A784D1A}.DebugStaticLib|Mixed Platforms.ActiveCfg = Debug|Any CPU
		{4C459F10-BFC6-4678-9AA2-411B5A784D1A}.DebugStaticLib|Mixed Platforms.Build.0 = Debug|Any CPU
		{4C459F10-BFC6-4678-9AA2-411B5A784D1A}.DebugStaticLib|Win32.ActiveCfg = Debug|Any CPU
		{4C459F10-BFC6-4678-9AA2-411B5A784D1A}.DebugStaticLib|x86.ActiveCfg = Debug|Any CPU
		{4C459F10-BFC6-4678-9AA2-411B5A784D1A}.Release|Any CPU.ActiveCfg = Release|Any CPU
		{4C459F10-BFC6-4678-9AA2-411B5A784D1A}.Release|Any CPU.Build.0 = Release|Any CPU
		{4C459F10-BFC6-4678-9AA2-411B5A784D1A}.Release|Mixed Platforms.ActiveCfg = Release|Any CPU
		{4C459F10-BFC6-4678-9AA2-411B5A784D1A}.Release|Mixed Platforms.Build.0 = Release|Any CPU
		{4C459F10-BFC6-4678-9AA2-411B5A784D1A}.Release|Win32.ActiveCfg = Release|Any CPU
		{4C459F10-BFC6-4678-9AA2-411B5A784D1A}.Release|x86.ActiveCfg = Release|Any CPU
		{4C459F10-BFC6-4678-9AA2-411B5A784D1A}.ReleaseDLL|Any CPU.ActiveCfg = Release|Any CPU
		{4C459F10-BFC6-4678-9AA2-411B5A784D1A}.ReleaseDLL|Any CPU.Build.0 = Release|Any CPU
		{4C459F10-BFC6-4678-9AA2-411B5A784D1A}.ReleaseDLL|Mixed Platforms.ActiveCfg = Release|Any CPU
		{4C459F10-BFC6-4678-9AA2-411B5A784D1A}.ReleaseDLL|Mixed Platforms.Build.0 = Release|Any CPU
		{4C459F10-BFC6-4678-9AA2-411B5A784D1A}.ReleaseDLL|Win32.ActiveCfg = Release|Any CPU
		{4C459F10-BFC6-4678-9AA2-411B5A784D1A}.ReleaseDLL|x86.ActiveCfg = Release|Any CPU
		{4C459F10-BFC6-4678-9AA2-411B5A784D1A}.ReleaseStaticLib|Any CPU.ActiveCfg = Release|Any CPU
		{4C459F10-BFC6-4678-9AA2-411B5A784D1A}.ReleaseStaticLib|Any CPU.Build.0 = Release|Any CPU
		{4C459F10-BFC6-4678-9AA2-411B5A784D1A}.ReleaseStaticLib|Mixed Platforms.ActiveCfg = Release|Any CPU
		{4C459F10-BFC6-4678-9AA2-411B5A784D1A}.ReleaseStaticLib|Mixed Platforms.Build.0 = Release|Any CPU
		{4C459F10-BFC6-4678-9AA2-411B5A784D1A}.ReleaseStaticLib|Win32.ActiveCfg = Release|Any CPU
		{4C459F10-BFC6-4678-9AA2-411B5A784D1A}.ReleaseStaticLib|x86.ActiveCfg = Release|Any CPU
		{7849004F-E262-4109-B41B-BE230A8D6463}.Debug|Any CPU.ActiveCfg = Debug|Any CPU
		{7849004F-E262-4109-B41B-BE230A8D6463}.Debug|Any CPU.Build.0 = Debug|Any CPU
		{7849004F-E262-4109-B41B-BE230A8D6463}.Debug|Mixed Platforms.ActiveCfg = Debug|Any CPU
		{7849004F-E262-4109-B41B-BE230A8D6463}.Debug|Mixed Platforms.Build.0 = Debug|Any CPU
		{7849004F-E262-4109-B41B-BE230A8D6463}.Debug|Win32.ActiveCfg = Debug|Any CPU
		{7849004F-E262-4109-B41B-BE230A8D6463}.Debug|x86.ActiveCfg = Debug|Any CPU
		{7849004F-E262-4109-B41B-BE230A8D6463}.DebugDLL|Any CPU.ActiveCfg = Debug|Any CPU
		{7849004F-E262-4109-B41B-BE230A8D6463}.DebugDLL|Any CPU.Build.0 = Debug|Any CPU
		{7849004F-E262-4109-B41B-BE230A8D6463}.DebugDLL|Mixed Platforms.ActiveCfg = Debug|Any CPU
		{7849004F-E262-4109-B41B-BE230A8D6463}.DebugDLL|Mixed Platforms.Build.0 = Debug|Any CPU
		{7849004F-E262-4109-B41B-BE230A8D6463}.DebugDLL|Win32.ActiveCfg = Debug|Any CPU
		{7849004F-E262-4109-B41B-BE230A8D6463}.DebugDLL|x86.ActiveCfg = Debug|Any CPU
		{7849004F-E262-4109-B41B-BE230A8D6463}.DebugStaticLib|Any CPU.ActiveCfg = Debug|Any CPU
		{7849004F-E262-4109-B41B-BE230A8D6463}.DebugStaticLib|Any CPU.Build.0 = Debug|Any CPU
		{7849004F-E262-4109-B41B-BE230A8D6463}.DebugStaticLib|Mixed Platforms.ActiveCfg = Debug|Any CPU
		{7849004F-E262-4109-B41B-BE230A8D6463}.DebugStaticLib|Mixed Platforms.Build.0 = Debug|Any CPU
		{7849004F-E262-4109-B41B-BE230A8D6463}.DebugStaticLib|Win32.ActiveCfg = Debug|Any CPU
		{7849004F-E262-4109-B41B-BE230A8D6463}.DebugStaticLib|x86.ActiveCfg = Debug|Any CPU
		{7849004F-E262-4109-B41B-BE230A8D6463}.Release|Any CPU.ActiveCfg = Release|Any CPU
		{7849004F-E262-4109-B41B-BE230A8D6463}.Release|Any CPU.Build.0 = Release|Any CPU
		{7849004F-E262-4109-B41B-BE230A8D6463}.Release|Mixed Platforms.ActiveCfg = Release|Any CPU
		{7849004F-E262-4109-B41B-BE230A8D6463}.Release|Mixed Platforms.Build.0 = Release|Any CPU
		{7849004F-E262-4109-B41B-BE230A8D6463}.Release|Win32.ActiveCfg = Release|Any CPU
		{7849004F-E262-4109-B41B-BE230A8D6463}.Release|x86.ActiveCfg = Release|Any CPU
		{7849004F-E262-4109-B41B-BE230A8D6463}.ReleaseDLL|Any CPU.ActiveCfg = Release|Any CPU
		{7849004F-E262-4109-B41B-BE230A8D6463}.ReleaseDLL|Any CPU.Build.0 = Release|Any CPU
		{7849004F-E262-4109-B41B-BE230A8D6463}.ReleaseDLL|Mixed Platforms.ActiveCfg = Release|Any CPU
		{7849004F-E262-4109-B41B-BE230A8D6463}.ReleaseDLL|Mixed Platforms.Build.0 = Release|Any CPU
		{7849004F-E262-4109-B41B-BE230A8D6463}.ReleaseDLL|Win32.ActiveCfg = Release|Any CPU
		{7849004F-E262-4109-B41B-BE230A8D6463}.ReleaseDLL|x86.ActiveCfg = Release|Any CPU
		{7849004F-E262-4109-B41B-BE230A8D6463}.ReleaseStaticLib|Any CPU.ActiveCfg = Release|Any CPU
		{7849004F-E262-4109-B41B-BE230A8D6463}.ReleaseStaticLib|Any CPU.Build.0 = Release|Any CPU
		{7849004F-E262-4109-B41B-BE230A8D6463}.ReleaseStaticLib|Mixed Platforms.ActiveCfg = Release|Any CPU
		{7849004F-E262-4109-B41B-BE230A8D6463}.ReleaseStaticLib|Mixed Platforms.Build.0 = Release|Any CPU
		{7849004F-E262-4109-B41B-BE230A8D6463}.ReleaseStaticLib|Win32.ActiveCfg = Release|Any CPU
		{7849004F-E262-4109-B41B-BE230A8D6463}.ReleaseStaticLib|x86.ActiveCfg = Release|Any CPU
		{DD9446EE-8A3D-4C5D-8B60-3B940ADB19F3}.Debug|Any CPU.ActiveCfg = Debug|Any CPU
		{DD9446EE-8A3D-4C5D-8B60-3B940ADB19F3}.Debug|Any CPU.Build.0 = Debug|Any CPU
		{DD9446EE-8A3D-4C5D-8B60-3B940ADB19F3}.Debug|Mixed Platforms.ActiveCfg = Debug|Any CPU
		{DD9446EE-8A3D-4C5D-8B60-3B940ADB19F3}.Debug|Mixed Platforms.Build.0 = Debug|Any CPU
		{DD9446EE-8A3D-4C5D-8B60-3B940ADB19F3}.Debug|Win32.ActiveCfg = Debug|Any CPU
		{DD9446EE-8A3D-4C5D-8B60-3B940ADB19F3}.Debug|x86.ActiveCfg = Debug|Any CPU
		{DD9446EE-8A3D-4C5D-8B60-3B940ADB19F3}.DebugDLL|Any CPU.ActiveCfg = Debug|Any CPU
		{DD9446EE-8A3D-4C5D-8B60-3B940ADB19F3}.DebugDLL|Any CPU.Build.0 = Debug|Any CPU
		{DD9446EE-8A3D-4C5D-8B60-3B940ADB19F3}.DebugDLL|Mixed Platforms.ActiveCfg = Debug|Any CPU
		{DD9446EE-8A3D-4C5D-8B60-3B940ADB19F3}.DebugDLL|Mixed Platforms.Build.0 = Debug|Any CPU
		{DD9446EE-8A3D-4C5D-8B60-3B940ADB19F3}.DebugDLL|Win32.ActiveCfg = Debug|Any CPU
		{DD9446EE-8A3D-4C5D-8B60-3B940ADB19F3}.DebugDLL|x86.ActiveCfg = Debug|Any CPU
		{DD9446EE-8A3D-4C5D-8B60-3B940ADB19F3}.DebugStaticLib|Any CPU.ActiveCfg = Debug|Any CPU
		{DD9446EE-8A3D-4C5D-8B60-3B940ADB19F3}.DebugStaticLib|Any CPU.Build.0 = Debug|Any CPU
		{DD9446EE-8A3D-4C5D-8B60-3B940ADB19F3}.DebugStaticLib|Mixed Platforms.ActiveCfg = Debug|Any CPU
		{DD9446EE-8A3D-4C5D-8B60-3B940ADB19F3}.DebugStaticLib|Mixed Platforms.Build.0 = Debug|Any CPU
		{DD9446EE-8A3D-4C5D-8B60-3B940ADB19F3}.DebugStaticLib|Win32.ActiveCfg = Debug|Any CPU
		{DD9446EE-8A3D-4C5D-8B60-3B940ADB19F3}.DebugStaticLib|x86.ActiveCfg = Debug|Any CPU
		{DD9446EE-8A3D-4C5D-8B60-3B940ADB19F3}.Release|Any CPU.ActiveCfg = Release|Any CPU
		{DD9446EE-8A3D-4C5D-8B60-3B940ADB19F3}.Release|Any CPU.Build.0 = Release|Any CPU
		{DD9446EE-8A3D-4C5D-8B60-3B940ADB19F3}.Release|Mixed Platforms.ActiveCfg = Release|Any CPU
		{DD9446EE-8A3D-4C5D-8B60-3B940ADB19F3}.Release|Mixed Platforms.Build.0 = Release|Any CPU
		{DD9446EE-8A3D-4C5D-8B60-3B940ADB19F3}.Release|Win32.ActiveCfg = Release|Any CPU
		{DD9446EE-8A3D-4C5D-8B60-3B940ADB19F3}.Release|x86.ActiveCfg = Release|Any CPU
		{DD9446EE-8A3D-4C5D-8B60-3B940ADB19F3}.ReleaseDLL|Any CPU.ActiveCfg = Release|Any CPU
		{DD9446EE-8A3D-4C5D-8B60-3B940ADB19F3}.ReleaseDLL|Any CPU.Build.0 = Release|Any CPU
		{DD9446EE-8A3D-4C5D-8B60-3B940ADB19F3}.ReleaseDLL|Mixed Platforms.ActiveCfg = Release|Any CPU
		{DD9446EE-8A3D-4C5D-8B60-3B940ADB19F3}.ReleaseDLL|Mixed Platforms.Build.0 = Release|Any CPU
		{DD9446EE-8A3D-4C5D-8B60-3B940ADB19F3}.ReleaseDLL|Win32.ActiveCfg = Release|Any CPU
		{DD9446EE-8A3D-4C5D-8B60-3B940ADB19F3}.ReleaseDLL|x86.ActiveCfg = Release|Any CPU
		{DD9446EE-8A3D-4C5D-8B60-3B940ADB19F3}.ReleaseStaticLib|Any CPU.ActiveCfg = Release|Any CPU
		{DD9446EE-8A3D-4C5D-8B60-3B940ADB19F3}.ReleaseStaticLib|Any CPU.Build.0 = Release|Any CPU
		{DD9446EE-8A3D-4C5D-8B60-3B940ADB19F3}.ReleaseStaticLib|Mixed Platforms.ActiveCfg = Release|Any CPU
		{DD9446EE-8A3D-4C5D-8B60-3B940ADB19F3}.ReleaseStaticLib|Mixed Platforms.Build.0 = Release|Any CPU
		{DD9446EE-8A3D-4C5D-8B60-3B940ADB19F3}.ReleaseStaticLib|Win32.ActiveCfg = Release|Any CPU
		{DD9446EE-8A3D-4C5D-8B60-3B940ADB19F3}.ReleaseStaticLib|x86.ActiveCfg = Release|Any CPU
		{7DDCAF88-8669-4C4A-BBD0-63A1E532B8EB}.Debug|Any CPU.ActiveCfg = Debug|Any CPU
		{7DDCAF88-8669-4C4A-BBD0-63A1E532B8EB}.Debug|Any CPU.Build.0 = Debug|Any CPU
		{7DDCAF88-8669-4C4A-BBD0-63A1E532B8EB}.Debug|Mixed Platforms.ActiveCfg = Debug|Any CPU
		{7DDCAF88-8669-4C4A-BBD0-63A1E532B8EB}.Debug|Mixed Platforms.Build.0 = Debug|Any CPU
		{7DDCAF88-8669-4C4A-BBD0-63A1E532B8EB}.Debug|Win32.ActiveCfg = Debug|Any CPU
		{7DDCAF88-8669-4C4A-BBD0-63A1E532B8EB}.Debug|x86.ActiveCfg = Debug|Any CPU
		{7DDCAF88-8669-4C4A-BBD0-63A1E532B8EB}.DebugDLL|Any CPU.ActiveCfg = Debug|Any CPU
		{7DDCAF88-8669-4C4A-BBD0-63A1E532B8EB}.DebugDLL|Any CPU.Build.0 = Debug|Any CPU
		{7DDCAF88-8669-4C4A-BBD0-63A1E532B8EB}.DebugDLL|Mixed Platforms.ActiveCfg = Debug|Any CPU
		{7DDCAF88-8669-4C4A-BBD0-63A1E532B8EB}.DebugDLL|Mixed Platforms.Build.0 = Debug|Any CPU
		{7DDCAF88-8669-4C4A-BBD0-63A1E532B8EB}.DebugDLL|Win32.ActiveCfg = Debug|Any CPU
		{7DDCAF88-8669-4C4A-BBD0-63A1E532B8EB}.DebugDLL|x86.ActiveCfg = Debug|Any CPU
		{7DDCAF88-8669-4C4A-BBD0-63A1E532B8EB}.DebugStaticLib|Any CPU.ActiveCfg = Debug|Any CPU
		{7DDCAF88-8669-4C4A-BBD0-63A1E532B8EB}.DebugStaticLib|Any CPU.Build.0 = Debug|Any CPU
		{7DDCAF88-8669-4C4A-BBD0-63A1E532B8EB}.DebugStaticLib|Mixed Platforms.ActiveCfg = Debug|Any CPU
		{7DDCAF88-8669-4C4A-BBD0-63A1E532B8EB}.DebugStaticLib|Mixed Platforms.Build.0 = Debug|Any CPU
		{7DDCAF88-8669-4C4A-BBD0-63A1E532B8EB}.DebugStaticLib|Win32.ActiveCfg = Debug|Any CPU
		{7DDCAF88-8669-4C4A-BBD0-63A1E532B8EB}.DebugStaticLib|x86.ActiveCfg = Debug|Any CPU
		{7DDCAF88-8669-4C4A-BBD0-63A1E532B8EB}.Release|Any CPU.ActiveCfg = Release|Any CPU
		{7DDCAF88-8669-4C4A-BBD0-63A1E532B8EB}.Release|Any CPU.Build.0 = Release|Any CPU
		{7DDCAF88-8669-4C4A-BBD0-63A1E532B8EB}.Release|Mixed Platforms.ActiveCfg = Release|Any CPU
		{7DDCAF88-8669-4C4A-BBD0-63A1E532B8EB}.Release|Mixed Platforms.Build.0 = Release|Any CPU
		{7DDCAF88-8669-4C4A-BBD0-63A1E532B8EB}.Release|Win32.ActiveCfg = Release|Any CPU
		{7DDCAF88-8669-4C4A-BBD0-63A1E532B8EB}.Release|x86.ActiveCfg = Release|Any CPU
		{7DDCAF88-8669-4C4A-BBD0-63A1E532B8EB}.ReleaseDLL|Any CPU.ActiveCfg = Release|Any CPU
		{7DDCAF88-8669-4C4A-BBD0-63A1E532B8EB}.ReleaseDLL|Any CPU.Build.0 = Release|Any CPU
		{7DDCAF88-8669-4C4A-BBD0-63A1E532B8EB}.ReleaseDLL|Mixed Platforms.ActiveCfg = Release|Any CPU
		{7DDCAF88-8669-4C4A-BBD0-63A1E532B8EB}.ReleaseDLL|Mixed Platforms.Build.0 = Release|Any CPU
		{7DDCAF88-8669-4C4A-BBD0-63A1E532B8EB}.ReleaseDLL|Win32.ActiveCfg = Release|Any CPU
		{7DDCAF88-8669-4C4A-BBD0-63A1E532B8EB}.ReleaseDLL|x86.ActiveCfg = Release|Any CPU
		{7DDCAF88-8669-4C4A-BBD0-63A1E532B8EB}.ReleaseStaticLib|Any CPU.ActiveCfg = Release|Any CPU
		{7DDCAF88-8669-4C4A-BBD0-63A1E532B8EB}.ReleaseStaticLib|Any CPU.Build.0 = Release|Any CPU
		{7DDCAF88-8669-4C4A-BBD0-63A1E532B8EB}.ReleaseStaticLib|Mixed Platforms.ActiveCfg = Release|Any CPU
		{7DDCAF88-8669-4C4A-BBD0-63A1E532B8EB}.ReleaseStaticLib|Mixed Platforms.Build.0 = Release|Any CPU
		{7DDCAF88-8669-4C4A-BBD0-63A1E532B8EB}.ReleaseStaticLib|Win32.ActiveCfg = Release|Any CPU
		{7DDCAF88-8669-4C4A-BBD0-63A1E532B8EB}.ReleaseStaticLib|x86.ActiveCfg = Release|Any CPU
		{9F6C8BC3-1748-474A-A8E2-249B2A2F01FA}.Debug|Any CPU.ActiveCfg = Debug|Any CPU
		{9F6C8BC3-1748-474A-A8E2-249B2A2F01FA}.Debug|Any CPU.Build.0 = Debug|Any CPU
		{9F6C8BC3-1748-474A-A8E2-249B2A2F01FA}.Debug|Mixed Platforms.ActiveCfg = Debug|Any CPU
		{9F6C8BC3-1748-474A-A8E2-249B2A2F01FA}.Debug|Mixed Platforms.Build.0 = Debug|Any CPU
		{9F6C8BC3-1748-474A-A8E2-249B2A2F01FA}.Debug|Win32.ActiveCfg = Debug|Any CPU
		{9F6C8BC3-1748-474A-A8E2-249B2A2F01FA}.Debug|x86.ActiveCfg = Debug|Any CPU
		{9F6C8BC3-1748-474A-A8E2-249B2A2F01FA}.DebugDLL|Any CPU.ActiveCfg = Debug|Any CPU
		{9F6C8BC3-1748-474A-A8E2-249B2A2F01FA}.DebugDLL|Any CPU.Build.0 = Debug|Any CPU
		{9F6C8BC3-1748-474A-A8E2-249B2A2F01FA}.DebugDLL|Mixed Platforms.ActiveCfg = Debug|Any CPU
		{9F6C8BC3-1748-474A-A8E2-249B2A2F01FA}.DebugDLL|Mixed Platforms.Build.0 = Debug|Any CPU
		{9F6C8BC3-1748-474A-A8E2-249B2A2F01FA}.DebugDLL|Win32.ActiveCfg = Debug|Any CPU
		{9F6C8BC3-1748-474A-A8E2-249B2A2F01FA}.DebugDLL|x86.ActiveCfg = Debug|Any CPU
		{9F6C8BC3-1748-474A-A8E2-249B2A2F01FA}.DebugStaticLib|Any CPU.ActiveCfg = Debug|Any CPU
		{9F6C8BC3-1748-474A-A8E2-249B2A2F01FA}.DebugStaticLib|Any CPU.Build.0 = Debug|Any CPU
		{9F6C8BC3-1748-474A-A8E2-249B2A2F01FA}.DebugStaticLib|Mixed Platforms.ActiveCfg = Debug|Any CPU
		{9F6C8BC3-1748-474A-A8E2-249B2A2F01FA}.DebugStaticLib|Mixed Platforms.Build.0 = Debug|Any CPU
		{9F6C8BC3-1748-474A-A8E2-249B2A2F01FA}.DebugStaticLib|Win32.ActiveCfg = Debug|Any CPU
		{9F6C8BC3-1748-474A-A8E2-249B2A2F01FA}.DebugStaticLib|x86.ActiveCfg = Debug|Any CPU
		{9F6C8BC3-1748-474A-A8E2-249B2A2F01FA}.Release|Any CPU.ActiveCfg = Release|Any CPU
		{9F6C8BC3-1748-474A-A8E2-249B2A2F01FA}.Release|Any CPU.Build.0 = Release|Any CPU
		{9F6C8BC3-1748-474A-A8E2-249B2A2F01FA}.Release|Mixed Platforms.ActiveCfg = Release|Any CPU
		{9F6C8BC3-1748-474A-A8E2-249B2A2F01FA}.Release|Mixed Platforms.Build.0 = Release|Any CPU
		{9F6C8BC3-1748-474A-A8E2-249B2A2F01FA}.Release|Win32.ActiveCfg = Release|Any CPU
		{9F6C8BC3-1748-474A-A8E2-249B2A2F01FA}.Release|x86.ActiveCfg = Release|Any CPU
		{9F6C8BC3-1748-474A-A8E2-249B2A2F01FA}.ReleaseDLL|Any CPU.ActiveCfg = Release|Any CPU
		{9F6C8BC3-1748-474A-A8E2-249B2A2F01FA}.ReleaseDLL|Any CPU.Build.0 = Release|Any CPU
		{9F6C8BC3-1748-474A-A8E2-249B2A2F01FA}.ReleaseDLL|Mixed Platforms.ActiveCfg = Release|Any CPU
		{9F6C8BC3-1748-474A-A8E2-249B2A2F01FA}.ReleaseDLL|Mixed Platforms.Build.0 = Release|Any CPU
		{9F6C8BC3-1748-474A-A8E2-249B2A2F01FA}.ReleaseDLL|Win32.ActiveCfg = Release|Any CPU
		{9F6C8BC3-1748-474A-A8E2-249B2A2F01FA}.ReleaseDLL|x86.ActiveCfg = Release|Any CPU
		{9F6C8BC3-1748-474A-A8E2-249B2A2F01FA}.ReleaseStaticLib|Any CPU.ActiveCfg = Release|Any CPU
		{9F6C8BC3-1748-474A-A8E2-249B2A2F01FA}.ReleaseStaticLib|Any CPU.Build.0 = Release|Any CPU
		{9F6C8BC3-1748-474A-A8E2-249B2A2F01FA}.ReleaseStaticLib|Mixed Platforms.ActiveCfg = Release|Any CPU
		{9F6C8BC3-1748-474A-A8E2-249B2A2F01FA}.ReleaseStaticLib|Mixed Platforms.Build.0 = Release|Any CPU
		{9F6C8BC3-1748-474A-A8E2-249B2A2F01FA}.ReleaseStaticLib|Win32.ActiveCfg = Release|Any CPU
		{9F6C8BC3-1748-474A-A8E2-249B2A2F01FA}.ReleaseStaticLib|x86.ActiveCfg = Release|Any CPU
		{2811C188-D05F-429A-AEDF-066FE3CF86AC}.Debug|Any CPU.ActiveCfg = Debug|Any CPU
		{2811C188-D05F-429A-AEDF-066FE3CF86AC}.Debug|Any CPU.Build.0 = Debug|Any CPU
		{2811C188-D05F-429A-AEDF-066FE3CF86AC}.Debug|Mixed Platforms.ActiveCfg = Debug|Any CPU
		{2811C188-D05F-429A-AEDF-066FE3CF86AC}.Debug|Mixed Platforms.Build.0 = Debug|Any CPU
		{2811C188-D05F-429A-AEDF-066FE3CF86AC}.Debug|Win32.ActiveCfg = Debug|Any CPU
		{2811C188-D05F-429A-AEDF-066FE3CF86AC}.Debug|x86.ActiveCfg = Debug|Any CPU
		{2811C188-D05F-429A-AEDF-066FE3CF86AC}.DebugDLL|Any CPU.ActiveCfg = Debug|Any CPU
		{2811C188-D05F-429A-AEDF-066FE3CF86AC}.DebugDLL|Any CPU.Build.0 = Debug|Any CPU
		{2811C188-D05F-429A-AEDF-066FE3CF86AC}.DebugDLL|Mixed Platforms.ActiveCfg = Debug|Any CPU
		{2811C188-D05F-429A-AEDF-066FE3CF86AC}.DebugDLL|Mixed Platforms.Build.0 = Debug|Any CPU
		{2811C188-D05F-429A-AEDF-066FE3CF86AC}.DebugDLL|Win32.ActiveCfg = Debug|Any CPU
		{2811C188-D05F-429A-AEDF-066FE3CF86AC}.DebugDLL|x86.ActiveCfg = Debug|Any CPU
		{2811C188-D05F-429A-AEDF-066FE3CF86AC}.DebugStaticLib|Any CPU.ActiveCfg = Debug|Any CPU
		{2811C188-D05F-429A-AEDF-066FE3CF86AC}.DebugStaticLib|Any CPU.Build.0 = Debug|Any CPU
		{2811C188-D05F-429A-AEDF-066FE3CF86AC}.DebugStaticLib|Mixed Platforms.ActiveCfg = Debug|Any CPU
		{2811C188-D05F-429A-AEDF-066FE3CF86AC}.DebugStaticLib|Mixed Platforms.Build.0 = Debug|Any CPU
		{2811C188-D05F-429A-AEDF-066FE3CF86AC}.DebugStaticLib|Win32.ActiveCfg = Debug|Any CPU
		{2811C188-D05F-429A-AEDF-066FE3CF86AC}.DebugStaticLib|x86.ActiveCfg = Debug|Any CPU
		{2811C188-D05F-429A-AEDF-066FE3CF86AC}.Release|Any CPU.ActiveCfg = Release|Any CPU
		{2811C188-D05F-429A-AEDF-066FE3CF86AC}.Release|Any CPU.Build.0 = Release|Any CPU
		{2811C188-D05F-429A-AEDF-066FE3CF86AC}.Release|Mixed Platforms.ActiveCfg = Release|Any CPU
		{2811C188-D05F-429A-AEDF-066FE3CF86AC}.Release|Mixed Platforms.Build.0 = Release|Any CPU
		{2811C188-D05F-429A-AEDF-066FE3CF86AC}.Release|Win32.ActiveCfg = Release|Any CPU
		{2811C188-D05F-429A-AEDF-066FE3CF86AC}.Release|x86.ActiveCfg = Release|Any CPU
		{2811C188-D05F-429A-AEDF-066FE3CF86AC}.ReleaseDLL|Any CPU.ActiveCfg = Release|Any CPU
		{2811C188-D05F-429A-AEDF-066FE3CF86AC}.ReleaseDLL|Any CPU.Build.0 = Release|Any CPU
		{2811C188-D05F-429A-AEDF-066FE3CF86AC}.ReleaseDLL|Mixed Platforms.ActiveCfg = Release|Any CPU
		{2811C188-D05F-429A-AEDF-066FE3CF86AC}.ReleaseDLL|Mixed Platforms.Build.0 = Release|Any CPU
		{2811C188-D05F-429A-AEDF-066FE3CF86AC}.ReleaseDLL|Win32.ActiveCfg = Release|Any CPU
		{2811C188-D05F-429A-AEDF-066FE3CF86AC}.ReleaseDLL|x86.ActiveCfg = Release|Any CPU
		{2811C188-D05F-429A-AEDF-066FE3CF86AC}.ReleaseStaticLib|Any CPU.ActiveCfg = Release|Any CPU
		{2811C188-D05F-429A-AEDF-066FE3CF86AC}.ReleaseStaticLib|Any CPU.Build.0 = Release|Any CPU
		{2811C188-D05F-429A-AEDF-066FE3CF86AC}.ReleaseStaticLib|Mixed Platforms.ActiveCfg = Release|Any CPU
		{2811C188-D05F-429A-AEDF-066FE3CF86AC}.ReleaseStaticLib|Mixed Platforms.Build.0 = Release|Any CPU
		{2811C188-D05F-429A-AEDF-066FE3CF86AC}.ReleaseStaticLib|Win32.ActiveCfg = Release|Any CPU
		{2811C188-D05F-429A-AEDF-066FE3CF86AC}.ReleaseStaticLib|x86.ActiveCfg = Release|Any CPU
		{B361F55A-097F-46AA-B9E1-3B24050FF79A}.Debug|Any CPU.ActiveCfg = Debug|Any CPU
		{B361F55A-097F-46AA-B9E1-3B24050FF79A}.Debug|Any CPU.Build.0 = Debug|Any CPU
		{B361F55A-097F-46AA-B9E1-3B24050FF79A}.Debug|Mixed Platforms.ActiveCfg = Debug|Any CPU
		{B361F55A-097F-46AA-B9E1-3B24050FF79A}.Debug|Mixed Platforms.Build.0 = Debug|Any CPU
		{B361F55A-097F-46AA-B9E1-3B24050FF79A}.Debug|Win32.ActiveCfg = Debug|Any CPU
		{B361F55A-097F-46AA-B9E1-3B24050FF79A}.Debug|x86.ActiveCfg = Debug|Any CPU
		{B361F55A-097F-46AA-B9E1-3B24050FF79A}.DebugDLL|Any CPU.ActiveCfg = Debug|Any CPU
		{B361F55A-097F-46AA-B9E1-3B24050FF79A}.DebugDLL|Any CPU.Build.0 = Debug|Any CPU
		{B361F55A-097F-46AA-B9E1-3B24050FF79A}.DebugDLL|Mixed Platforms.ActiveCfg = Debug|Any CPU
		{B361F55A-097F-46AA-B9E1-3B24050FF79A}.DebugDLL|Mixed Platforms.Build.0 = Debug|Any CPU
		{B361F55A-097F-46AA-B9E1-3B24050FF79A}.DebugDLL|Win32.ActiveCfg = Debug|Any CPU
		{B361F55A-097F-46AA-B9E1-3B24050FF79A}.DebugDLL|x86.ActiveCfg = Debug|Any CPU
		{B361F55A-097F-46AA-B9E1-3B24050FF79A}.DebugStaticLib|Any CPU.ActiveCfg = Debug|Any CPU
		{B361F55A-097F-46AA-B9E1-3B24050FF79A}.DebugStaticLib|Any CPU.Build.0 = Debug|Any CPU
		{B361F55A-097F-46AA-B9E1-3B24050FF79A}.DebugStaticLib|Mixed Platforms.ActiveCfg = Debug|Any CPU
		{B361F55A-097F-46AA-B9E1-3B24050FF79A}.DebugStaticLib|Mixed Platforms.Build.0 = Debug|Any CPU
		{B361F55A-097F-46AA-B9E1-3B24050FF79A}.DebugStaticLib|Win32.ActiveCfg = Debug|Any CPU
		{B361F55A-097F-46AA-B9E1-3B24050FF79A}.DebugStaticLib|x86.ActiveCfg = Debug|Any CPU
		{B361F55A-097F-46AA-B9E1-3B24050FF79A}.Release|Any CPU.ActiveCfg = Release|Any CPU
		{B361F55A-097F-46AA-B9E1-3B24050FF79A}.Release|Any CPU.Build.0 = Release|Any CPU
		{B361F55A-097F-46AA-B9E1-3B24050FF79A}.Release|Mixed Platforms.ActiveCfg = Release|Any CPU
		{B361F55A-097F-46AA-B9E1-3B24050FF79A}.Release|Mixed Platforms.Build.0 = Release|Any CPU
		{B361F55A-097F-46AA-B9E1-3B24050FF79A}.Release|Win32.ActiveCfg = Release|Any CPU
		{B361F55A-097F-46AA-B9E1-3B24050FF79A}.Release|x86.ActiveCfg = Release|Any CPU
		{B361F55A-097F-46AA-B9E1-3B24050FF79A}.ReleaseDLL|Any CPU.ActiveCfg = Release|Any CPU
		{B361F55A-097F-46AA-B9E1-3B24050FF79A}.ReleaseDLL|Any CPU.Build.0 = Release|Any CPU
		{B361F55A-097F-46AA-B9E1-3B24050FF79A}.ReleaseDLL|Mixed Platforms.ActiveCfg = Release|Any CPU
		{B361F55A-097F-46AA-B9E1-3B24050FF79A}.ReleaseDLL|Mixed Platforms.Build.0 = Release|Any CPU
		{B361F55A-097F-46AA-B9E1-3B24050FF79A}.ReleaseDLL|Win32.ActiveCfg = Release|Any CPU
		{B361F55A-097F-46AA-B9E1-3B24050FF79A}.ReleaseDLL|x86.ActiveCfg = Release|Any CPU
		{B361F55A-097F-46AA-B9E1-3B24050FF79A}.ReleaseStaticLib|Any CPU.ActiveCfg = Release|Any CPU
		{B361F55A-097F-46AA-B9E1-3B24050FF79A}.ReleaseStaticLib|Any CPU.Build.0 = Release|Any CPU
		{B361F55A-097F-46AA-B9E1-3B24050FF79A}.ReleaseStaticLib|Mixed Platforms.ActiveCfg = Release|Any CPU
		{B361F55A-097F-46AA-B9E1-3B24050FF79A}.ReleaseStaticLib|Mixed Platforms.Build.0 = Release|Any CPU
		{B361F55A-097F-46AA-B9E1-3B24050FF79A}.ReleaseStaticLib|Win32.ActiveCfg = Release|Any CPU
		{B361F55A-097F-46AA-B9E1-3B24050FF79A}.ReleaseStaticLib|x86.ActiveCfg = Release|Any CPU
		{4E7B3CA9-1252-4B1E-BC70-17B702EC1B37}.Debug|Any CPU.ActiveCfg = Debug|Any CPU
		{4E7B3CA9-1252-4B1E-BC70-17B702EC1B37}.Debug|Any CPU.Build.0 = Debug|Any CPU
		{4E7B3CA9-1252-4B1E-BC70-17B702EC1B37}.Debug|Mixed Platforms.ActiveCfg = Debug|Any CPU
		{4E7B3CA9-1252-4B1E-BC70-17B702EC1B37}.Debug|Mixed Platforms.Build.0 = Debug|Any CPU
		{4E7B3CA9-1252-4B1E-BC70-17B702EC1B37}.Debug|Win32.ActiveCfg = Debug|Any CPU
		{4E7B3CA9-1252-4B1E-BC70-17B702EC1B37}.Debug|x86.ActiveCfg = Debug|Any CPU
		{4E7B3CA9-1252-4B1E-BC70-17B702EC1B37}.DebugDLL|Any CPU.ActiveCfg = Debug|Any CPU
		{4E7B3CA9-1252-4B1E-BC70-17B702EC1B37}.DebugDLL|Any CPU.Build.0 = Debug|Any CPU
		{4E7B3CA9-1252-4B1E-BC70-17B702EC1B37}.DebugDLL|Mixed Platforms.ActiveCfg = Debug|Any CPU
		{4E7B3CA9-1252-4B1E-BC70-17B702EC1B37}.DebugDLL|Mixed Platforms.Build.0 = Debug|Any CPU
		{4E7B3CA9-1252-4B1E-BC70-17B702EC1B37}.DebugDLL|Win32.ActiveCfg = Debug|Any CPU
		{4E7B3CA9-1252-4B1E-BC70-17B702EC1B37}.DebugDLL|x86.ActiveCfg = Debug|Any CPU
		{4E7B3CA9-1252-4B1E-BC70-17B702EC1B37}.DebugStaticLib|Any CPU.ActiveCfg = Debug|Any CPU
		{4E7B3CA9-1252-4B1E-BC70-17B702EC1B37}.DebugStaticLib|Any CPU.Build.0 = Debug|Any CPU
		{4E7B3CA9-1252-4B1E-BC70-17B702EC1B37}.DebugStaticLib|Mixed Platforms.ActiveCfg = Debug|Any CPU
		{4E7B3CA9-1252-4B1E-BC70-17B702EC1B37}.DebugStaticLib|Mixed Platforms.Build.0 = Debug|Any CPU
		{4E7B3CA9-1252-4B1E-BC70-17B702EC1B37}.DebugStaticLib|Win32.ActiveCfg = Debug|Any CPU
		{4E7B3CA9-1252-4B1E-BC70-17B702EC1B37}.DebugStaticLib|x86.ActiveCfg = Debug|Any CPU
		{4E7B3CA9-1252-4B1E-BC70-17B702EC1B37}.Release|Any CPU.ActiveCfg = Release|Any CPU
		{4E7B3CA9-1252-4B1E-BC70-17B702EC1B37}.Release|Any CPU.Build.0 = Release|Any CPU
		{4E7B3CA9-1252-4B1E-BC70-17B702EC1B37}.Release|Mixed Platforms.ActiveCfg = Release|Any CPU
		{4E7B3CA9-1252-4B1E-BC70-17B702EC1B37}.Release|Mixed Platforms.Build.0 = Release|Any CPU
		{4E7B3CA9-1252-4B1E-BC70-17B702EC1B37}.Release|Win32.ActiveCfg = Release|Any CPU
		{4E7B3CA9-1252-4B1E-BC70-17B702EC1B37}.Release|x86.ActiveCfg = Release|Any CPU
		{4E7B3CA9-1252-4B1E-BC70-17B702EC1B37}.ReleaseDLL|Any CPU.ActiveCfg = Release|Any CPU
		{4E7B3CA9-1252-4B1E-BC70-17B702EC1B37}.ReleaseDLL|Any CPU.Build.0 = Release|Any CPU
		{4E7B3CA9-1252-4B1E-BC70-17B702EC1B37}.ReleaseDLL|Mixed Platforms.ActiveCfg = Release|Any CPU
		{4E7B3CA9-1252-4B1E-BC70-17B702EC1B37}.ReleaseDLL|Mixed Platforms.Build.0 = Release|Any CPU
		{4E7B3CA9-1252-4B1E-BC70-17B702EC1B37}.ReleaseDLL|Win32.ActiveCfg = Release|Any CPU
		{4E7B3CA9-1252-4B1E-BC70-17B702EC1B37}.ReleaseDLL|x86.ActiveCfg = Release|Any CPU
		{4E7B3CA9-1252-4B1E-BC70-17B702EC1B37}.ReleaseStaticLib|Any CPU.ActiveCfg = Release|Any CPU
		{4E7B3CA9-1252-4B1E-BC70-17B702EC1B37}.ReleaseStaticLib|Any CPU.Build.0 = Release|Any CPU
		{4E7B3CA9-1252-4B1E-BC70-17B702EC1B37}.ReleaseStaticLib|Mixed Platforms.ActiveCfg = Release|Any CPU
		{4E7B3CA9-1252-4B1E-BC70-17B702EC1B37}.ReleaseStaticLib|Mixed Platforms.Build.0 = Release|Any CPU
		{4E7B3CA9-1252-4B1E-BC70-17B702EC1B37}.ReleaseStaticLib|Win32.ActiveCfg = Release|Any CPU
		{4E7B3CA9-1252-4B1E-BC70-17B702EC1B37}.ReleaseStaticLib|x86.ActiveCfg = Release|Any CPU
		{203AF65B-E299-4AA5-81A1-8E54C7761EB0}.Debug|Any CPU.ActiveCfg = Debug|x86
		{203AF65B-E299-4AA5-81A1-8E54C7761EB0}.Debug|Mixed Platforms.ActiveCfg = Debug|x86
		{203AF65B-E299-4AA5-81A1-8E54C7761EB0}.Debug|Mixed Platforms.Build.0 = Debug|x86
		{203AF65B-E299-4AA5-81A1-8E54C7761EB0}.Debug|Win32.ActiveCfg = Debug|x86
		{203AF65B-E299-4AA5-81A1-8E54C7761EB0}.Debug|x86.ActiveCfg = Debug|x86
		{203AF65B-E299-4AA5-81A1-8E54C7761EB0}.Debug|x86.Build.0 = Debug|x86
		{203AF65B-E299-4AA5-81A1-8E54C7761EB0}.DebugDLL|Any CPU.ActiveCfg = Debug|x86
		{203AF65B-E299-4AA5-81A1-8E54C7761EB0}.DebugDLL|Mixed Platforms.ActiveCfg = Debug|x86
		{203AF65B-E299-4AA5-81A1-8E54C7761EB0}.DebugDLL|Mixed Platforms.Build.0 = Debug|x86
		{203AF65B-E299-4AA5-81A1-8E54C7761EB0}.DebugDLL|Win32.ActiveCfg = Debug|x86
		{203AF65B-E299-4AA5-81A1-8E54C7761EB0}.DebugDLL|x86.ActiveCfg = Debug|x86
		{203AF65B-E299-4AA5-81A1-8E54C7761EB0}.DebugDLL|x86.Build.0 = Debug|x86
		{203AF65B-E299-4AA5-81A1-8E54C7761EB0}.DebugStaticLib|Any CPU.ActiveCfg = Debug|x86
		{203AF65B-E299-4AA5-81A1-8E54C7761EB0}.DebugStaticLib|Mixed Platforms.ActiveCfg = Debug|x86
		{203AF65B-E299-4AA5-81A1-8E54C7761EB0}.DebugStaticLib|Mixed Platforms.Build.0 = Debug|x86
		{203AF65B-E299-4AA5-81A1-8E54C7761EB0}.DebugStaticLib|Win32.ActiveCfg = Debug|x86
		{203AF65B-E299-4AA5-81A1-8E54C7761EB0}.DebugStaticLib|x86.ActiveCfg = Debug|x86
		{203AF65B-E299-4AA5-81A1-8E54C7761EB0}.DebugStaticLib|x86.Build.0 = Debug|x86
		{203AF65B-E299-4AA5-81A1-8E54C7761EB0}.Release|Any CPU.ActiveCfg = Release|x86
		{203AF65B-E299-4AA5-81A1-8E54C7761EB0}.Release|Mixed Platforms.ActiveCfg = Release|x86
		{203AF65B-E299-4AA5-81A1-8E54C7761EB0}.Release|Mixed Platforms.Build.0 = Release|x86
		{203AF65B-E299-4AA5-81A1-8E54C7761EB0}.Release|Win32.ActiveCfg = Release|x86
		{203AF65B-E299-4AA5-81A1-8E54C7761EB0}.Release|x86.ActiveCfg = Release|x86
		{203AF65B-E299-4AA5-81A1-8E54C7761EB0}.Release|x86.Build.0 = Release|x86
		{203AF65B-E299-4AA5-81A1-8E54C7761EB0}.ReleaseDLL|Any CPU.ActiveCfg = Release|x86
		{203AF65B-E299-4AA5-81A1-8E54C7761EB0}.ReleaseDLL|Mixed Platforms.ActiveCfg = Release|x86
		{203AF65B-E299-4AA5-81A1-8E54C7761EB0}.ReleaseDLL|Mixed Platforms.Build.0 = Release|x86
		{203AF65B-E299-4AA5-81A1-8E54C7761EB0}.ReleaseDLL|Win32.ActiveCfg = Release|x86
		{203AF65B-E299-4AA5-81A1-8E54C7761EB0}.ReleaseDLL|x86.ActiveCfg = Release|x86
		{203AF65B-E299-4AA5-81A1-8E54C7761EB0}.ReleaseDLL|x86.Build.0 = Release|x86
		{203AF65B-E299-4AA5-81A1-8E54C7761EB0}.ReleaseStaticLib|Any CPU.ActiveCfg = Release|x86
		{203AF65B-E299-4AA5-81A1-8E54C7761EB0}.ReleaseStaticLib|Mixed Platforms.ActiveCfg = Release|x86
		{203AF65B-E299-4AA5-81A1-8E54C7761EB0}.ReleaseStaticLib|Mixed Platforms.Build.0 = Release|x86
		{203AF65B-E299-4AA5-81A1-8E54C7761EB0}.ReleaseStaticLib|Win32.ActiveCfg = Release|x86
		{203AF65B-E299-4AA5-81A1-8E54C7761EB0}.ReleaseStaticLib|x86.ActiveCfg = Release|x86
		{203AF65B-E299-4AA5-81A1-8E54C7761EB0}.ReleaseStaticLib|x86.Build.0 = Release|x86
		{0191DF8B-56AC-4E0B-974F-D335E96A4FE6}.Debug|Any CPU.ActiveCfg = Debug|x86
		{0191DF8B-56AC-4E0B-974F-D335E96A4FE6}.Debug|Mixed Platforms.ActiveCfg = Debug|x86
		{0191DF8B-56AC-4E0B-974F-D335E96A4FE6}.Debug|Mixed Platforms.Build.0 = Debug|x86
		{0191DF8B-56AC-4E0B-974F-D335E96A4FE6}.Debug|Win32.ActiveCfg = Debug|x86
		{0191DF8B-56AC-4E0B-974F-D335E96A4FE6}.Debug|x86.ActiveCfg = Debug|x86
		{0191DF8B-56AC-4E0B-974F-D335E96A4FE6}.Debug|x86.Build.0 = Debug|x86
		{0191DF8B-56AC-4E0B-974F-D335E96A4FE6}.DebugDLL|Any CPU.ActiveCfg = Debug|x86
		{0191DF8B-56AC-4E0B-974F-D335E96A4FE6}.DebugDLL|Mixed Platforms.ActiveCfg = Debug|x86
		{0191DF8B-56AC-4E0B-974F-D335E96A4FE6}.DebugDLL|Mixed Platforms.Build.0 = Debug|x86
		{0191DF8B-56AC-4E0B-974F-D335E96A4FE6}.DebugDLL|Win32.ActiveCfg = Debug|x86
		{0191DF8B-56AC-4E0B-974F-D335E96A4FE6}.DebugDLL|x86.ActiveCfg = Debug|x86
		{0191DF8B-56AC-4E0B-974F-D335E96A4FE6}.DebugDLL|x86.Build.0 = Debug|x86
		{0191DF8B-56AC-4E0B-974F-D335E96A4FE6}.DebugStaticLib|Any CPU.ActiveCfg = Debug|x86
		{0191DF8B-56AC-4E0B-974F-D335E96A4FE6}.DebugStaticLib|Mixed Platforms.ActiveCfg = Debug|x86
		{0191DF8B-56AC-4E0B-974F-D335E96A4FE6}.DebugStaticLib|Mixed Platforms.Build.0 = Debug|x86
		{0191DF8B-56AC-4E0B-974F-D335E96A4FE6}.DebugStaticLib|Win32.ActiveCfg = Debug|x86
		{0191DF8B-56AC-4E0B-974F-D335E96A4FE6}.DebugStaticLib|x86.ActiveCfg = Debug|x86
		{0191DF8B-56AC-4E0B-974F-D335E96A4FE6}.DebugStaticLib|x86.Build.0 = Debug|x86
		{0191DF8B-56AC-4E0B-974F-D335E96A4FE6}.Release|Any CPU.ActiveCfg = Release|x86
		{0191DF8B-56AC-4E0B-974F-D335E96A4FE6}.Release|Mixed Platforms.ActiveCfg = Release|x86
		{0191DF8B-56AC-4E0B-974F-D335E96A4FE6}.Release|Mixed Platforms.Build.0 = Release|x86
		{0191DF8B-56AC-4E0B-974F-D335E96A4FE6}.Release|Win32.ActiveCfg = Release|x86
		{0191DF8B-56AC-4E0B-974F-D335E96A4FE6}.Release|x86.ActiveCfg = Release|x86
		{0191DF8B-56AC-4E0B-974F-D335E96A4FE6}.Release|x86.Build.0 = Release|x86
		{0191DF8B-56AC-4E0B-974F-D335E96A4FE6}.ReleaseDLL|Any CPU.ActiveCfg = Release|x86
		{0191DF8B-56AC-4E0B-974F-D335E96A4FE6}.ReleaseDLL|Mixed Platforms.ActiveCfg = Release|x86
		{0191DF8B-56AC-4E0B-974F-D335E96A4FE6}.ReleaseDLL|Mixed Platforms.Build.0 = Release|x86
		{0191DF8B-56AC-4E0B-974F-D335E96A4FE6}.ReleaseDLL|Win32.ActiveCfg = Release|x86
		{0191DF8B-56AC-4E0B-974F-D335E96A4FE6}.ReleaseDLL|x86.ActiveCfg = Release|x86
		{0191DF8B-56AC-4E0B-974F-D335E96A4FE6}.ReleaseDLL|x86.Build.0 = Release|x86
		{0191DF8B-56AC-4E0B-974F-D335E96A4FE6}.ReleaseStaticLib|Any CPU.ActiveCfg = Release|x86
		{0191DF8B-56AC-4E0B-974F-D335E96A4FE6}.ReleaseStaticLib|Mixed Platforms.ActiveCfg = Release|x86
		{0191DF8B-56AC-4E0B-974F-D335E96A4FE6}.ReleaseStaticLib|Mixed Platforms.Build.0 = Release|x86
		{0191DF8B-56AC-4E0B-974F-D335E96A4FE6}.ReleaseStaticLib|Win32.ActiveCfg = Release|x86
		{0191DF8B-56AC-4E0B-974F-D335E96A4FE6}.ReleaseStaticLib|x86.ActiveCfg = Release|x86
		{0191DF8B-56AC-4E0B-974F-D335E96A4FE6}.ReleaseStaticLib|x86.Build.0 = Release|x86
		{1946DC31-1D00-4316-8672-8148BA3FB33F}.Debug|Any CPU.ActiveCfg = Debug|Any CPU
		{1946DC31-1D00-4316-8672-8148BA3FB33F}.Debug|Any CPU.Build.0 = Debug|Any CPU
		{1946DC31-1D00-4316-8672-8148BA3FB33F}.Debug|Mixed Platforms.ActiveCfg = Debug|Any CPU
		{1946DC31-1D00-4316-8672-8148BA3FB33F}.Debug|Mixed Platforms.Build.0 = Debug|Any CPU
		{1946DC31-1D00-4316-8672-8148BA3FB33F}.Debug|Win32.ActiveCfg = Debug|Any CPU
		{1946DC31-1D00-4316-8672-8148BA3FB33F}.Debug|x86.ActiveCfg = Debug|Any CPU
		{1946DC31-1D00-4316-8672-8148BA3FB33F}.DebugDLL|Any CPU.ActiveCfg = Debug|Any CPU
		{1946DC31-1D00-4316-8672-8148BA3FB33F}.DebugDLL|Any CPU.Build.0 = Debug|Any CPU
		{1946DC31-1D00-4316-8672-8148BA3FB33F}.DebugDLL|Mixed Platforms.ActiveCfg = Debug|Any CPU
		{1946DC31-1D00-4316-8672-8148BA3FB33F}.DebugDLL|Mixed Platforms.Build.0 = Debug|Any CPU
		{1946DC31-1D00-4316-8672-8148BA3FB33F}.DebugDLL|Win32.ActiveCfg = Debug|Any CPU
		{1946DC31-1D00-4316-8672-8148BA3FB33F}.DebugDLL|x86.ActiveCfg = Debug|Any CPU
		{1946DC31-1D00-4316-8672-8148BA3FB33F}.DebugStaticLib|Any CPU.ActiveCfg = Debug|Any CPU
		{1946DC31-1D00-4316-8672-8148BA3FB33F}.DebugStaticLib|Any CPU.Build.0 = Debug|Any CPU
		{1946DC31-1D00-4316-8672-8148BA3FB33F}.DebugStaticLib|Mixed Platforms.ActiveCfg = Debug|Any CPU
		{1946DC31-1D00-4316-8672-8148BA3FB33F}.DebugStaticLib|Mixed Platforms.Build.0 = Debug|Any CPU
		{1946DC31-1D00-4316-8672-8148BA3FB33F}.DebugStaticLib|Win32.ActiveCfg = Debug|Any CPU
		{1946DC31-1D00-4316-8672-8148BA3FB33F}.DebugStaticLib|x86.ActiveCfg = Debug|Any CPU
		{1946DC31-1D00-4316-8672-8148BA3FB33F}.Release|Any CPU.ActiveCfg = Release|Any CPU
		{1946DC31-1D00-4316-8672-8148BA3FB33F}.Release|Any CPU.Build.0 = Release|Any CPU
		{1946DC31-1D00-4316-8672-8148BA3FB33F}.Release|Mixed Platforms.ActiveCfg = Release|Any CPU
		{1946DC31-1D00-4316-8672-8148BA3FB33F}.Release|Mixed Platforms.Build.0 = Release|Any CPU
		{1946DC31-1D00-4316-8672-8148BA3FB33F}.Release|Win32.ActiveCfg = Release|Any CPU
		{1946DC31-1D00-4316-8672-8148BA3FB33F}.Release|x86.ActiveCfg = Release|Any CPU
		{1946DC31-1D00-4316-8672-8148BA3FB33F}.ReleaseDLL|Any CPU.ActiveCfg = Release|Any CPU
		{1946DC31-1D00-4316-8672-8148BA3FB33F}.ReleaseDLL|Any CPU.Build.0 = Release|Any CPU
		{1946DC31-1D00-4316-8672-8148BA3FB33F}.ReleaseDLL|Mixed Platforms.ActiveCfg = Release|Any CPU
		{1946DC31-1D00-4316-8672-8148BA3FB33F}.ReleaseDLL|Mixed Platforms.Build.0 = Release|Any CPU
		{1946DC31-1D00-4316-8672-8148BA3FB33F}.ReleaseDLL|Win32.ActiveCfg = Release|Any CPU
		{1946DC31-1D00-4316-8672-8148BA3FB33F}.ReleaseDLL|x86.ActiveCfg = Release|Any CPU
		{1946DC31-1D00-4316-8672-8148BA3FB33F}.ReleaseStaticLib|Any CPU.ActiveCfg = Release|Any CPU
		{1946DC31-1D00-4316-8672-8148BA3FB33F}.ReleaseStaticLib|Any CPU.Build.0 = Release|Any CPU
		{1946DC31-1D00-4316-8672-8148BA3FB33F}.ReleaseStaticLib|Mixed Platforms.ActiveCfg = Release|Any CPU
		{1946DC31-1D00-4316-8672-8148BA3FB33F}.ReleaseStaticLib|Mixed Platforms.Build.0 = Release|Any CPU
		{1946DC31-1D00-4316-8672-8148BA3FB33F}.ReleaseStaticLib|Win32.ActiveCfg = Release|Any CPU
		{1946DC31-1D00-4316-8672-8148BA3FB33F}.ReleaseStaticLib|x86.ActiveCfg = Release|Any CPU
		{B129F2C3-6318-41BC-B430-C3B201DC32CC}.Debug|Any CPU.ActiveCfg = Debug|Any CPU
		{B129F2C3-6318-41BC-B430-C3B201DC32CC}.Debug|Any CPU.Build.0 = Debug|Any CPU
		{B129F2C3-6318-41BC-B430-C3B201DC32CC}.Debug|Mixed Platforms.ActiveCfg = Debug|Any CPU
		{B129F2C3-6318-41BC-B430-C3B201DC32CC}.Debug|Mixed Platforms.Build.0 = Debug|Any CPU
		{B129F2C3-6318-41BC-B430-C3B201DC32CC}.Debug|Win32.ActiveCfg = Debug|Any CPU
		{B129F2C3-6318-41BC-B430-C3B201DC32CC}.Debug|x86.ActiveCfg = Debug|Any CPU
		{B129F2C3-6318-41BC-B430-C3B201DC32CC}.DebugDLL|Any CPU.ActiveCfg = Debug|Any CPU
		{B129F2C3-6318-41BC-B430-C3B201DC32CC}.DebugDLL|Any CPU.Build.0 = Debug|Any CPU
		{B129F2C3-6318-41BC-B430-C3B201DC32CC}.DebugDLL|Mixed Platforms.ActiveCfg = Debug|Any CPU
		{B129F2C3-6318-41BC-B430-C3B201DC32CC}.DebugDLL|Mixed Platforms.Build.0 = Debug|Any CPU
		{B129F2C3-6318-41BC-B430-C3B201DC32CC}.DebugDLL|Win32.ActiveCfg = Debug|Any CPU
		{B129F2C3-6318-41BC-B430-C3B201DC32CC}.DebugDLL|x86.ActiveCfg = Debug|Any CPU
		{B129F2C3-6318-41BC-B430-C3B201DC32CC}.DebugStaticLib|Any CPU.ActiveCfg = Debug|Any CPU
		{B129F2C3-6318-41BC-B430-C3B201DC32CC}.DebugStaticLib|Any CPU.Build.0 = Debug|Any CPU
		{B129F2C3-6318-41BC-B430-C3B201DC32CC}.DebugStaticLib|Mixed Platforms.ActiveCfg = Debug|Any CPU
		{B129F2C3-6318-41BC-B430-C3B201DC32CC}.DebugStaticLib|Mixed Platforms.Build.0 = Debug|Any CPU
		{B129F2C3-6318-41BC-B430-C3B201DC32CC}.DebugStaticLib|Win32.ActiveCfg = Debug|Any CPU
		{B129F2C3-6318-41BC-B430-C3B201DC32CC}.DebugStaticLib|x86.ActiveCfg = Debug|Any CPU
		{B129F2C3-6318-41BC-B430-C3B201DC32CC}.Release|Any CPU.ActiveCfg = Release|Any CPU
		{B129F2C3-6318-41BC-B430-C3B201DC32CC}.Release|Any CPU.Build.0 = Release|Any CPU
		{B129F2C3-6318-41BC-B430-C3B201DC32CC}.Release|Mixed Platforms.ActiveCfg = Release|Any CPU
		{B129F2C3-6318-41BC-B430-C3B201DC32CC}.Release|Mixed Platforms.Build.0 = Release|Any CPU
		{B129F2C3-6318-41BC-B430-C3B201DC32CC}.Release|Win32.ActiveCfg = Release|Any CPU
		{B129F2C3-6318-41BC-B430-C3B201DC32CC}.Release|x86.ActiveCfg = Release|Any CPU
		{B129F2C3-6318-41BC-B430-C3B201DC32CC}.ReleaseDLL|Any CPU.ActiveCfg = Release|Any CPU
		{B129F2C3-6318-41BC-B430-C3B201DC32CC}.ReleaseDLL|Any CPU.Build.0 = Release|Any CPU
		{B129F2C3-6318-41BC-B430-C3B201DC32CC}.ReleaseDLL|Mixed Platforms.ActiveCfg = Release|Any CPU
		{B129F2C3-6318-41BC-B430-C3B201DC32CC}.ReleaseDLL|Mixed Platforms.Build.0 = Release|Any CPU
		{B129F2C3-6318-41BC-B430-C3B201DC32CC}.ReleaseDLL|Win32.ActiveCfg = Release|Any CPU
		{B129F2C3-6318-41BC-B430-C3B201DC32CC}.ReleaseDLL|x86.ActiveCfg = Release|Any CPU
		{B129F2C3-6318-41BC-B430-C3B201DC32CC}.ReleaseStaticLib|Any CPU.ActiveCfg = Release|Any CPU
		{B129F2C3-6318-41BC-B430-C3B201DC32CC}.ReleaseStaticLib|Any CPU.Build.0 = Release|Any CPU
		{B129F2C3-6318-41BC-B430-C3B201DC32CC}.ReleaseStaticLib|Mixed Platforms.ActiveCfg = Release|Any CPU
		{B129F2C3-6318-41BC-B430-C3B201DC32CC}.ReleaseStaticLib|Mixed Platforms.Build.0 = Release|Any CPU
		{B129F2C3-6318-41BC-B430-C3B201DC32CC}.ReleaseStaticLib|Win32.ActiveCfg = Release|Any CPU
		{B129F2C3-6318-41BC-B430-C3B201DC32CC}.ReleaseStaticLib|x86.ActiveCfg = Release|Any CPU
		{72526766-E80F-451F-B51F-E8662606FB9B}.Debug|Any CPU.ActiveCfg = Debug|Any CPU
		{72526766-E80F-451F-B51F-E8662606FB9B}.Debug|Any CPU.Build.0 = Debug|Any CPU
		{72526766-E80F-451F-B51F-E8662606FB9B}.Debug|Mixed Platforms.ActiveCfg = Debug|Any CPU
		{72526766-E80F-451F-B51F-E8662606FB9B}.Debug|Mixed Platforms.Build.0 = Debug|Any CPU
		{72526766-E80F-451F-B51F-E8662606FB9B}.Debug|Win32.ActiveCfg = Debug|Any CPU
		{72526766-E80F-451F-B51F-E8662606FB9B}.Debug|x86.ActiveCfg = Debug|Any CPU
		{72526766-E80F-451F-B51F-E8662606FB9B}.DebugDLL|Any CPU.ActiveCfg = Debug|Any CPU
		{72526766-E80F-451F-B51F-E8662606FB9B}.DebugDLL|Any CPU.Build.0 = Debug|Any CPU
		{72526766-E80F-451F-B51F-E8662606FB9B}.DebugDLL|Mixed Platforms.ActiveCfg = Debug|Any CPU
		{72526766-E80F-451F-B51F-E8662606FB9B}.DebugDLL|Mixed Platforms.Build.0 = Debug|Any CPU
		{72526766-E80F-451F-B51F-E8662606FB9B}.DebugDLL|Win32.ActiveCfg = Debug|Any CPU
		{72526766-E80F-451F-B51F-E8662606FB9B}.DebugDLL|x86.ActiveCfg = Debug|Any CPU
		{72526766-E80F-451F-B51F-E8662606FB9B}.DebugStaticLib|Any CPU.ActiveCfg = Debug|Any CPU
		{72526766-E80F-451F-B51F-E8662606FB9B}.DebugStaticLib|Any CPU.Build.0 = Debug|Any CPU
		{72526766-E80F-451F-B51F-E8662606FB9B}.DebugStaticLib|Mixed Platforms.ActiveCfg = Debug|Any CPU
		{72526766-E80F-451F-B51F-E8662606FB9B}.DebugStaticLib|Mixed Platforms.Build.0 = Debug|Any CPU
		{72526766-E80F-451F-B51F-E8662606FB9B}.DebugStaticLib|Win32.ActiveCfg = Debug|Any CPU
		{72526766-E80F-451F-B51F-E8662606FB9B}.DebugStaticLib|x86.ActiveCfg = Debug|Any CPU
		{72526766-E80F-451F-B51F-E8662606FB9B}.Release|Any CPU.ActiveCfg = Release|Any CPU
		{72526766-E80F-451F-B51F-E8662606FB9B}.Release|Any CPU.Build.0 = Release|Any CPU
		{72526766-E80F-451F-B51F-E8662606FB9B}.Release|Mixed Platforms.ActiveCfg = Release|Any CPU
		{72526766-E80F-451F-B51F-E8662606FB9B}.Release|Mixed Platforms.Build.0 = Release|Any CPU
		{72526766-E80F-451F-B51F-E8662606FB9B}.Release|Win32.ActiveCfg = Release|Any CPU
		{72526766-E80F-451F-B51F-E8662606FB9B}.Release|x86.ActiveCfg = Release|Any CPU
		{72526766-E80F-451F-B51F-E8662606FB9B}.ReleaseDLL|Any CPU.ActiveCfg = Release|Any CPU
		{72526766-E80F-451F-B51F-E8662606FB9B}.ReleaseDLL|Any CPU.Build.0 = Release|Any CPU
		{72526766-E80F-451F-B51F-E8662606FB9B}.ReleaseDLL|Mixed Platforms.ActiveCfg = Release|Any CPU
		{72526766-E80F-451F-B51F-E8662606FB9B}.ReleaseDLL|Mixed Platforms.Build.0 = Release|Any CPU
		{72526766-E80F-451F-B51F-E8662606FB9B}.ReleaseDLL|Win32.ActiveCfg = Release|Any CPU
		{72526766-E80F-451F-B51F-E8662606FB9B}.ReleaseDLL|x86.ActiveCfg = Release|Any CPU
		{72526766-E80F-451F-B51F-E8662606FB9B}.ReleaseStaticLib|Any CPU.ActiveCfg = Release|Any CPU
		{72526766-E80F-451F-B51F-E8662606FB9B}.ReleaseStaticLib|Any CPU.Build.0 = Release|Any CPU
		{72526766-E80F-451F-B51F-E8662606FB9B}.ReleaseStaticLib|Mixed Platforms.ActiveCfg = Release|Any CPU
		{72526766-E80F-451F-B51F-E8662606FB9B}.ReleaseStaticLib|Mixed Platforms.Build.0 = Release|Any CPU
		{72526766-E80F-451F-B51F-E8662606FB9B}.ReleaseStaticLib|Win32.ActiveCfg = Release|Any CPU
		{72526766-E80F-451F-B51F-E8662606FB9B}.ReleaseStaticLib|x86.ActiveCfg = Release|Any CPU
		{7D82138D-A32C-47C8-8219-7C8D59F0924B}.Debug|Any CPU.ActiveCfg = Debug|Any CPU
		{7D82138D-A32C-47C8-8219-7C8D59F0924B}.Debug|Any CPU.Build.0 = Debug|Any CPU
		{7D82138D-A32C-47C8-8219-7C8D59F0924B}.Debug|Mixed Platforms.ActiveCfg = Debug|Any CPU
		{7D82138D-A32C-47C8-8219-7C8D59F0924B}.Debug|Mixed Platforms.Build.0 = Debug|Any CPU
		{7D82138D-A32C-47C8-8219-7C8D59F0924B}.Debug|Win32.ActiveCfg = Debug|Any CPU
		{7D82138D-A32C-47C8-8219-7C8D59F0924B}.Debug|x86.ActiveCfg = Debug|Any CPU
		{7D82138D-A32C-47C8-8219-7C8D59F0924B}.DebugDLL|Any CPU.ActiveCfg = Debug|Any CPU
		{7D82138D-A32C-47C8-8219-7C8D59F0924B}.DebugDLL|Any CPU.Build.0 = Debug|Any CPU
		{7D82138D-A32C-47C8-8219-7C8D59F0924B}.DebugDLL|Mixed Platforms.ActiveCfg = Debug|Any CPU
		{7D82138D-A32C-47C8-8219-7C8D59F0924B}.DebugDLL|Mixed Platforms.Build.0 = Debug|Any CPU
		{7D82138D-A32C-47C8-8219-7C8D59F0924B}.DebugDLL|Win32.ActiveCfg = Debug|Any CPU
		{7D82138D-A32C-47C8-8219-7C8D59F0924B}.DebugDLL|x86.ActiveCfg = Debug|Any CPU
		{7D82138D-A32C-47C8-8219-7C8D59F0924B}.DebugStaticLib|Any CPU.ActiveCfg = Debug|Any CPU
		{7D82138D-A32C-47C8-8219-7C8D59F0924B}.DebugStaticLib|Any CPU.Build.0 = Debug|Any CPU
		{7D82138D-A32C-47C8-8219-7C8D59F0924B}.DebugStaticLib|Mixed Platforms.ActiveCfg = Debug|Any CPU
		{7D82138D-A32C-47C8-8219-7C8D59F0924B}.DebugStaticLib|Mixed Platforms.Build.0 = Debug|Any CPU
		{7D82138D-A32C-47C8-8219-7C8D59F0924B}.DebugStaticLib|Win32.ActiveCfg = Debug|Any CPU
		{7D82138D-A32C-47C8-8219-7C8D59F0924B}.DebugStaticLib|x86.ActiveCfg = Debug|Any CPU
		{7D82138D-A32C-47C8-8219-7C8D59F0924B}.Release|Any CPU.ActiveCfg = Release|Any CPU
		{7D82138D-A32C-47C8-8219-7C8D59F0924B}.Release|Any CPU.Build.0 = Release|Any CPU
		{7D82138D-A32C-47C8-8219-7C8D59F0924B}.Release|Mixed Platforms.ActiveCfg = Release|Any CPU
		{7D82138D-A32C-47C8-8219-7C8D59F0924B}.Release|Mixed Platforms.Build.0 = Release|Any CPU
		{7D82138D-A32C-47C8-8219-7C8D59F0924B}.Release|Win32.ActiveCfg = Release|Any CPU
		{7D82138D-A32C-47C8-8219-7C8D59F0924B}.Release|x86.ActiveCfg = Release|Any CPU
		{7D82138D-A32C-47C8-8219-7C8D59F0924B}.ReleaseDLL|Any CPU.ActiveCfg = Release|Any CPU
		{7D82138D-A32C-47C8-8219-7C8D59F0924B}.ReleaseDLL|Any CPU.Build.0 = Release|Any CPU
		{7D82138D-A32C-47C8-8219-7C8D59F0924B}.ReleaseDLL|Mixed Platforms.ActiveCfg = Release|Any CPU
		{7D82138D-A32C-47C8-8219-7C8D59F0924B}.ReleaseDLL|Mixed Platforms.Build.0 = Release|Any CPU
		{7D82138D-A32C-47C8-8219-7C8D59F0924B}.ReleaseDLL|Win32.ActiveCfg = Release|Any CPU
		{7D82138D-A32C-47C8-8219-7C8D59F0924B}.ReleaseDLL|x86.ActiveCfg = Release|Any CPU
		{7D82138D-A32C-47C8-8219-7C8D59F0924B}.ReleaseStaticLib|Any CPU.ActiveCfg = Release|Any CPU
		{7D82138D-A32C-47C8-8219-7C8D59F0924B}.ReleaseStaticLib|Any CPU.Build.0 = Release|Any CPU
		{7D82138D-A32C-47C8-8219-7C8D59F0924B}.ReleaseStaticLib|Mixed Platforms.ActiveCfg = Release|Any CPU
		{7D82138D-A32C-47C8-8219-7C8D59F0924B}.ReleaseStaticLib|Mixed Platforms.Build.0 = Release|Any CPU
		{7D82138D-A32C-47C8-8219-7C8D59F0924B}.ReleaseStaticLib|Win32.ActiveCfg = Release|Any CPU
		{7D82138D-A32C-47C8-8219-7C8D59F0924B}.ReleaseStaticLib|x86.ActiveCfg = Release|Any CPU
		{138CF669-0816-427C-8648-225837F35963}.Debug|Any CPU.ActiveCfg = Debug|Any CPU
		{138CF669-0816-427C-8648-225837F35963}.Debug|Any CPU.Build.0 = Debug|Any CPU
		{138CF669-0816-427C-8648-225837F35963}.Debug|Mixed Platforms.ActiveCfg = Debug|Any CPU
		{138CF669-0816-427C-8648-225837F35963}.Debug|Mixed Platforms.Build.0 = Debug|Any CPU
		{138CF669-0816-427C-8648-225837F35963}.Debug|Win32.ActiveCfg = Debug|Any CPU
		{138CF669-0816-427C-8648-225837F35963}.Debug|x86.ActiveCfg = Debug|Any CPU
		{138CF669-0816-427C-8648-225837F35963}.DebugDLL|Any CPU.ActiveCfg = Debug|Any CPU
		{138CF669-0816-427C-8648-225837F35963}.DebugDLL|Any CPU.Build.0 = Debug|Any CPU
		{138CF669-0816-427C-8648-225837F35963}.DebugDLL|Mixed Platforms.ActiveCfg = Debug|Any CPU
		{138CF669-0816-427C-8648-225837F35963}.DebugDLL|Mixed Platforms.Build.0 = Debug|Any CPU
		{138CF669-0816-427C-8648-225837F35963}.DebugDLL|Win32.ActiveCfg = Debug|Any CPU
		{138CF669-0816-427C-8648-225837F35963}.DebugDLL|x86.ActiveCfg = Debug|Any CPU
		{138CF669-0816-427C-8648-225837F35963}.DebugStaticLib|Any CPU.ActiveCfg = Debug|Any CPU
		{138CF669-0816-427C-8648-225837F35963}.DebugStaticLib|Any CPU.Build.0 = Debug|Any CPU
		{138CF669-0816-427C-8648-225837F35963}.DebugStaticLib|Mixed Platforms.ActiveCfg = Debug|Any CPU
		{138CF669-0816-427C-8648-225837F35963}.DebugStaticLib|Mixed Platforms.Build.0 = Debug|Any CPU
		{138CF669-0816-427C-8648-225837F35963}.DebugStaticLib|Win32.ActiveCfg = Debug|Any CPU
		{138CF669-0816-427C-8648-225837F35963}.DebugStaticLib|x86.ActiveCfg = Debug|Any CPU
		{138CF669-0816-427C-8648-225837F35963}.Release|Any CPU.ActiveCfg = Release|Any CPU
		{138CF669-0816-427C-8648-225837F35963}.Release|Any CPU.Build.0 = Release|Any CPU
		{138CF669-0816-427C-8648-225837F35963}.Release|Mixed Platforms.ActiveCfg = Release|Any CPU
		{138CF669-0816-427C-8648-225837F35963}.Release|Mixed Platforms.Build.0 = Release|Any CPU
		{138CF669-0816-427C-8648-225837F35963}.Release|Win32.ActiveCfg = Release|Any CPU
		{138CF669-0816-427C-8648-225837F35963}.Release|x86.ActiveCfg = Release|Any CPU
		{138CF669-0816-427C-8648-225837F35963}.ReleaseDLL|Any CPU.ActiveCfg = Release|Any CPU
		{138CF669-0816-427C-8648-225837F35963}.ReleaseDLL|Any CPU.Build.0 = Release|Any CPU
		{138CF669-0816-427C-8648-225837F35963}.ReleaseDLL|Mixed Platforms.ActiveCfg = Release|Any CPU
		{138CF669-0816-427C-8648-225837F35963}.ReleaseDLL|Mixed Platforms.Build.0 = Release|Any CPU
		{138CF669-0816-427C-8648-225837F35963}.ReleaseDLL|Win32.ActiveCfg = Release|Any CPU
		{138CF669-0816-427C-8648-225837F35963}.ReleaseDLL|x86.ActiveCfg = Release|Any CPU
		{138CF669-0816-427C-8648-225837F35963}.ReleaseStaticLib|Any CPU.ActiveCfg = Release|Any CPU
		{138CF669-0816-427C-8648-225837F35963}.ReleaseStaticLib|Any CPU.Build.0 = Release|Any CPU
		{138CF669-0816-427C-8648-225837F35963}.ReleaseStaticLib|Mixed Platforms.ActiveCfg = Release|Any CPU
		{138CF669-0816-427C-8648-225837F35963}.ReleaseStaticLib|Mixed Platforms.Build.0 = Release|Any CPU
		{138CF669-0816-427C-8648-225837F35963}.ReleaseStaticLib|Win32.ActiveCfg = Release|Any CPU
		{138CF669-0816-427C-8648-225837F35963}.ReleaseStaticLib|x86.ActiveCfg = Release|Any CPU
		{E5186568-EF99-40E1-BF89-215D58E4E0A6}.Debug|Any CPU.ActiveCfg = Debug|Any CPU
		{E5186568-EF99-40E1-BF89-215D58E4E0A6}.Debug|Any CPU.Build.0 = Debug|Any CPU
		{E5186568-EF99-40E1-BF89-215D58E4E0A6}.Debug|Mixed Platforms.ActiveCfg = Debug|Any CPU
		{E5186568-EF99-40E1-BF89-215D58E4E0A6}.Debug|Mixed Platforms.Build.0 = Debug|Any CPU
		{E5186568-EF99-40E1-BF89-215D58E4E0A6}.Debug|Win32.ActiveCfg = Debug|Any CPU
		{E5186568-EF99-40E1-BF89-215D58E4E0A6}.Debug|x86.ActiveCfg = Debug|Any CPU
		{E5186568-EF99-40E1-BF89-215D58E4E0A6}.DebugDLL|Any CPU.ActiveCfg = Debug|Any CPU
		{E5186568-EF99-40E1-BF89-215D58E4E0A6}.DebugDLL|Any CPU.Build.0 = Debug|Any CPU
		{E5186568-EF99-40E1-BF89-215D58E4E0A6}.DebugDLL|Mixed Platforms.ActiveCfg = Debug|Any CPU
		{E5186568-EF99-40E1-BF89-215D58E4E0A6}.DebugDLL|Mixed Platforms.Build.0 = Debug|Any CPU
		{E5186568-EF99-40E1-BF89-215D58E4E0A6}.DebugDLL|Win32.ActiveCfg = Debug|Any CPU
		{E5186568-EF99-40E1-BF89-215D58E4E0A6}.DebugDLL|x86.ActiveCfg = Debug|Any CPU
		{E5186568-EF99-40E1-BF89-215D58E4E0A6}.DebugStaticLib|Any CPU.ActiveCfg = Debug|Any CPU
		{E5186568-EF99-40E1-BF89-215D58E4E0A6}.DebugStaticLib|Any CPU.Build.0 = Debug|Any CPU
		{E5186568-EF99-40E1-BF89-215D58E4E0A6}.DebugStaticLib|Mixed Platforms.ActiveCfg = Debug|Any CPU
		{E5186568-EF99-40E1-BF89-215D58E4E0A6}.DebugStaticLib|Mixed Platforms.Build.0 = Debug|Any CPU
		{E5186568-EF99-40E1-BF89-215D58E4E0A6}.DebugStaticLib|Win32.ActiveCfg = Debug|Any CPU
		{E5186568-EF99-40E1-BF89-215D58E4E0A6}.DebugStaticLib|x86.ActiveCfg = Debug|Any CPU
		{E5186568-EF99-40E1-BF89-215D58E4E0A6}.Release|Any CPU.ActiveCfg = Release|Any CPU
		{E5186568-EF99-40E1-BF89-215D58E4E0A6}.Release|Any CPU.Build.0 = Release|Any CPU
		{E5186568-EF99-40E1-BF89-215D58E4E0A6}.Release|Mixed Platforms.ActiveCfg = Release|Any CPU
		{E5186568-EF99-40E1-BF89-215D58E4E0A6}.Release|Mixed Platforms.Build.0 = Release|Any CPU
		{E5186568-EF99-40E1-BF89-215D58E4E0A6}.Release|Win32.ActiveCfg = Release|Any CPU
		{E5186568-EF99-40E1-BF89-215D58E4E0A6}.Release|x86.ActiveCfg = Release|Any CPU
		{E5186568-EF99-40E1-BF89-215D58E4E0A6}.ReleaseDLL|Any CPU.ActiveCfg = Release|Any CPU
		{E5186568-EF99-40E1-BF89-215D58E4E0A6}.ReleaseDLL|Any CPU.Build.0 = Release|Any CPU
		{E5186568-EF99-40E1-BF89-215D58E4E0A6}.ReleaseDLL|Mixed Platforms.ActiveCfg = Release|Any CPU
		{E5186568-EF99-40E1-BF89-215D58E4E0A6}.ReleaseDLL|Mixed Platforms.Build.0 = Release|Any CPU
		{E5186568-EF99-40E1-BF89-215D58E4E0A6}.ReleaseDLL|Win32.ActiveCfg = Release|Any CPU
		{E5186568-EF99-40E1-BF89-215D58E4E0A6}.ReleaseDLL|x86.ActiveCfg = Release|Any CPU
		{E5186568-EF99-40E1-BF89-215D58E4E0A6}.ReleaseStaticLib|Any CPU.ActiveCfg = Release|Any CPU
		{E5186568-EF99-40E1-BF89-215D58E4E0A6}.ReleaseStaticLib|Any CPU.Build.0 = Release|Any CPU
		{E5186568-EF99-40E1-BF89-215D58E4E0A6}.ReleaseStaticLib|Mixed Platforms.ActiveCfg = Release|Any CPU
		{E5186568-EF99-40E1-BF89-215D58E4E0A6}.ReleaseStaticLib|Mixed Platforms.Build.0 = Release|Any CPU
		{E5186568-EF99-40E1-BF89-215D58E4E0A6}.ReleaseStaticLib|Win32.ActiveCfg = Release|Any CPU
		{E5186568-EF99-40E1-BF89-215D58E4E0A6}.ReleaseStaticLib|x86.ActiveCfg = Release|Any CPU
	EndGlobalSection
	GlobalSection(SolutionProperties) = preSolution
		HideSolutionNode = FALSE
	EndGlobalSection
	GlobalSection(NestedProjects) = preSolution
		{CD14C3DC-3419-4D87-9B28-C7379A6BEF8F} = {B007DBE0-234A-462F-9502-257129F8AE06}
		{0070A3AC-2519-43A0-BC67-A359D10C6F03} = {B007DBE0-234A-462F-9502-257129F8AE06}
		{A8F63C35-8E42-42A5-97F9-3355C5A83A72} = {B007DBE0-234A-462F-9502-257129F8AE06}
		{390BBAB6-0C94-4372-8D72-F8C43627C729} = {B007DBE0-234A-462F-9502-257129F8AE06}
		{6CCE027E-68B9-466A-B72E-92D309EC3B09} = {B007DBE0-234A-462F-9502-257129F8AE06}
		{5733F458-A85D-4488-AF8A-DE8D862C1377} = {B007DBE0-234A-462F-9502-257129F8AE06}
		{D8543B20-0B24-465F-8306-F4EEA91FCE1A} = {B007DBE0-234A-462F-9502-257129F8AE06}
		{6CA51CBA-CE08-4438-8B78-B968BCA3A02F} = {B007DBE0-234A-462F-9502-257129F8AE06}
		{45A02323-4764-4F4B-A9EA-B5395FE79559} = {B007DBE0-234A-462F-9502-257129F8AE06}
		{C42619C2-C4D7-4977-99DE-B83872E40AEB} = {B007DBE0-234A-462F-9502-257129F8AE06}
		{4C459F10-BFC6-4678-9AA2-411B5A784D1A} = {B007DBE0-234A-462F-9502-257129F8AE06}
		{7849004F-E262-4109-B41B-BE230A8D6463} = {B007DBE0-234A-462F-9502-257129F8AE06}
		{DD9446EE-8A3D-4C5D-8B60-3B940ADB19F3} = {B007DBE0-234A-462F-9502-257129F8AE06}
		{7DDCAF88-8669-4C4A-BBD0-63A1E532B8EB} = {B007DBE0-234A-462F-9502-257129F8AE06}
		{9F6C8BC3-1748-474A-A8E2-249B2A2F01FA} = {B007DBE0-234A-462F-9502-257129F8AE06}
		{2811C188-D05F-429A-AEDF-066FE3CF86AC} = {B007DBE0-234A-462F-9502-257129F8AE06}
		{B361F55A-097F-46AA-B9E1-3B24050FF79A} = {B007DBE0-234A-462F-9502-257129F8AE06}
		{4E7B3CA9-1252-4B1E-BC70-17B702EC1B37} = {B007DBE0-234A-462F-9502-257129F8AE06}
		{203AF65B-E299-4AA5-81A1-8E54C7761EB0} = {B007DBE0-234A-462F-9502-257129F8AE06}
		{0597DB2D-9382-4C71-832F-69CD156516F4} = {B007DBE0-234A-462F-9502-257129F8AE06}
		{1946DC31-1D00-4316-8672-8148BA3FB33F} = {491270A6-FDF2-4555-A9E6-DFB196191EBE}
		{B129F2C3-6318-41BC-B430-C3B201DC32CC} = {491270A6-FDF2-4555-A9E6-DFB196191EBE}
		{72526766-E80F-451F-B51F-E8662606FB9B} = {491270A6-FDF2-4555-A9E6-DFB196191EBE}
		{7D82138D-A32C-47C8-8219-7C8D59F0924B} = {491270A6-FDF2-4555-A9E6-DFB196191EBE}
		{138CF669-0816-427C-8648-225837F35963} = {8A1627F6-5871-4A8D-A02A-3AB30A0D580E}
	EndGlobalSection
EndGlobal
